// !$*UTF8*$!
{
	archiveVersion = 1;
	classes = {
	};
	objectVersion = 46;
	objects = {

/* Begin PBXBuildFile section */
		64E75C101500A7190059010A /* QuartzCore.framework in Frameworks */ = {isa = PBXBuildFile; fileRef = 64E75C0F1500A7190059010A /* QuartzCore.framework */; };
		64E75C121500A7190059010A /* OpenGLES.framework in Frameworks */ = {isa = PBXBuildFile; fileRef = 64E75C111500A7190059010A /* OpenGLES.framework */; };
		64E75C141500A7190059010A /* OpenAL.framework in Frameworks */ = {isa = PBXBuildFile; fileRef = 64E75C131500A7190059010A /* OpenAL.framework */; };
		64E75C161500A7190059010A /* AudioToolbox.framework in Frameworks */ = {isa = PBXBuildFile; fileRef = 64E75C151500A7190059010A /* AudioToolbox.framework */; };
		64E75C181500A7190059010A /* AVFoundation.framework in Frameworks */ = {isa = PBXBuildFile; fileRef = 64E75C171500A7190059010A /* AVFoundation.framework */; };
		64E75C1A1500A7190059010A /* UIKit.framework in Frameworks */ = {isa = PBXBuildFile; fileRef = 64E75C191500A7190059010A /* UIKit.framework */; };
		64E75C1C1500A7190059010A /* Foundation.framework in Frameworks */ = {isa = PBXBuildFile; fileRef = 64E75C1B1500A7190059010A /* Foundation.framework */; };
		64E75C1E1500A7190059010A /* CoreGraphics.framework in Frameworks */ = {isa = PBXBuildFile; fileRef = 64E75C1D1500A7190059010A /* CoreGraphics.framework */; };
		64E75C221500A7190059010A /* Default.png in Resources */ = {isa = PBXBuildFile; fileRef = 64E75C211500A7190059010A /* Default.png */; };
		64E75C241500A7190059010A /* fps_images.png in Resources */ = {isa = PBXBuildFile; fileRef = 64E75C231500A7190059010A /* fps_images.png */; };
		64E75C261500A7190059010A /* Icon-72.png in Resources */ = {isa = PBXBuildFile; fileRef = 64E75C251500A7190059010A /* Icon-72.png */; };
		64E75C281500A7190059010A /* Icon-Small-50.png in Resources */ = {isa = PBXBuildFile; fileRef = 64E75C271500A7190059010A /* Icon-Small-50.png */; };
		64E75C2A1500A7190059010A /* Icon-Small.png in Resources */ = {isa = PBXBuildFile; fileRef = 64E75C291500A7190059010A /* Icon-Small.png */; };
		64E75C2C1500A7190059010A /* Icon-Small@2x.png in Resources */ = {isa = PBXBuildFile; fileRef = 64E75C2B1500A7190059010A /* Icon-Small@2x.png */; };
		64E75C2E1500A7190059010A /* Icon.png in Resources */ = {isa = PBXBuildFile; fileRef = 64E75C2D1500A7190059010A /* Icon.png */; };
		64E75C301500A7190059010A /* Icon@2x.png in Resources */ = {isa = PBXBuildFile; fileRef = 64E75C2F1500A7190059010A /* Icon@2x.png */; };
		64E75C331500A7190059010A /* iTunesArtwork in Resources */ = {isa = PBXBuildFile; fileRef = 64E75C321500A7190059010A /* iTunesArtwork */; };
		64E75C381500A71A0059010A /* CCAction.m in Sources */ = {isa = PBXBuildFile; fileRef = 64E75C371500A71A0059010A /* CCAction.m */; };
		64E75C3B1500A71A0059010A /* CCActionCamera.m in Sources */ = {isa = PBXBuildFile; fileRef = 64E75C3A1500A71A0059010A /* CCActionCamera.m */; };
		64E75C3E1500A71A0059010A /* CCActionEase.m in Sources */ = {isa = PBXBuildFile; fileRef = 64E75C3D1500A71A0059010A /* CCActionEase.m */; };
		64E75C411500A71A0059010A /* CCActionGrid.m in Sources */ = {isa = PBXBuildFile; fileRef = 64E75C401500A71A0059010A /* CCActionGrid.m */; };
		64E75C441500A71A0059010A /* CCActionGrid3D.m in Sources */ = {isa = PBXBuildFile; fileRef = 64E75C431500A71A0059010A /* CCActionGrid3D.m */; };
		64E75C471500A71A0059010A /* CCActionInstant.m in Sources */ = {isa = PBXBuildFile; fileRef = 64E75C461500A71A0059010A /* CCActionInstant.m */; };
		64E75C4A1500A71A0059010A /* CCActionInterval.m in Sources */ = {isa = PBXBuildFile; fileRef = 64E75C491500A71A0059010A /* CCActionInterval.m */; };
		64E75C4D1500A71A0059010A /* CCActionManager.m in Sources */ = {isa = PBXBuildFile; fileRef = 64E75C4C1500A71A0059010A /* CCActionManager.m */; };
		64E75C501500A71A0059010A /* CCActionPageTurn3D.m in Sources */ = {isa = PBXBuildFile; fileRef = 64E75C4F1500A71A0059010A /* CCActionPageTurn3D.m */; };
		64E75C531500A71A0059010A /* CCActionProgressTimer.m in Sources */ = {isa = PBXBuildFile; fileRef = 64E75C521500A71A0059010A /* CCActionProgressTimer.m */; };
		64E75C561500A71A0059010A /* CCActionTiledGrid.m in Sources */ = {isa = PBXBuildFile; fileRef = 64E75C551500A71A0059010A /* CCActionTiledGrid.m */; };
		64E75C591500A71A0059010A /* CCActionTween.m in Sources */ = {isa = PBXBuildFile; fileRef = 64E75C581500A71A0059010A /* CCActionTween.m */; };
		64E75C5C1500A71A0059010A /* CCAnimation.m in Sources */ = {isa = PBXBuildFile; fileRef = 64E75C5B1500A71A0059010A /* CCAnimation.m */; };
		64E75C5F1500A71A0059010A /* CCAnimationCache.m in Sources */ = {isa = PBXBuildFile; fileRef = 64E75C5E1500A71A0059010A /* CCAnimationCache.m */; };
		64E75C621500A71A0059010A /* CCAtlasNode.m in Sources */ = {isa = PBXBuildFile; fileRef = 64E75C611500A71A0059010A /* CCAtlasNode.m */; };
		64E75C651500A71A0059010A /* CCBlockSupport.m in Sources */ = {isa = PBXBuildFile; fileRef = 64E75C641500A71A0059010A /* CCBlockSupport.m */; };
		64E75C681500A71A0059010A /* CCCamera.m in Sources */ = {isa = PBXBuildFile; fileRef = 64E75C671500A71A0059010A /* CCCamera.m */; };
		64E75C6C1500A71A0059010A /* CCConfiguration.m in Sources */ = {isa = PBXBuildFile; fileRef = 64E75C6B1500A71A0059010A /* CCConfiguration.m */; };
		64E75C6F1500A71A0059010A /* CCDirector.m in Sources */ = {isa = PBXBuildFile; fileRef = 64E75C6E1500A71A0059010A /* CCDirector.m */; };
		64E75C721500A71A0059010A /* CCDrawingPrimitives.m in Sources */ = {isa = PBXBuildFile; fileRef = 64E75C711500A71A0059010A /* CCDrawingPrimitives.m */; };
		64E75C751500A71A0059010A /* CCGrabber.m in Sources */ = {isa = PBXBuildFile; fileRef = 64E75C741500A71A0059010A /* CCGrabber.m */; };
		64E75C781500A71A0059010A /* CCGrid.m in Sources */ = {isa = PBXBuildFile; fileRef = 64E75C771500A71A0059010A /* CCGrid.m */; };
		64E75C7B1500A71A0059010A /* CCLabelAtlas.m in Sources */ = {isa = PBXBuildFile; fileRef = 64E75C7A1500A71A0059010A /* CCLabelAtlas.m */; };
		64E75C7E1500A71A0059010A /* CCLabelBMFont.m in Sources */ = {isa = PBXBuildFile; fileRef = 64E75C7D1500A71A0059010A /* CCLabelBMFont.m */; };
		64E75C811500A71A0059010A /* CCLabelTTF.m in Sources */ = {isa = PBXBuildFile; fileRef = 64E75C801500A71A0059010A /* CCLabelTTF.m */; };
		64E75C841500A71A0059010A /* CCLayer.m in Sources */ = {isa = PBXBuildFile; fileRef = 64E75C831500A71A0059010A /* CCLayer.m */; };
		64E75C881500A71A0059010A /* CCMenu.m in Sources */ = {isa = PBXBuildFile; fileRef = 64E75C871500A71A0059010A /* CCMenu.m */; };
		64E75C8B1500A71A0059010A /* CCMenuItem.m in Sources */ = {isa = PBXBuildFile; fileRef = 64E75C8A1500A71A0059010A /* CCMenuItem.m */; };
		64E75C8E1500A71A0059010A /* CCMotionStreak.m in Sources */ = {isa = PBXBuildFile; fileRef = 64E75C8D1500A71A0059010A /* CCMotionStreak.m */; };
		64E75C911500A71A0059010A /* CCNode.m in Sources */ = {isa = PBXBuildFile; fileRef = 64E75C901500A71A0059010A /* CCNode.m */; };
		64E75C941500A71A0059010A /* CCParallaxNode.m in Sources */ = {isa = PBXBuildFile; fileRef = 64E75C931500A71A0059010A /* CCParallaxNode.m */; };
		64E75C971500A71B0059010A /* CCParticleExamples.m in Sources */ = {isa = PBXBuildFile; fileRef = 64E75C961500A71B0059010A /* CCParticleExamples.m */; };
		64E75C9A1500A71B0059010A /* CCParticleSystem.m in Sources */ = {isa = PBXBuildFile; fileRef = 64E75C991500A71B0059010A /* CCParticleSystem.m */; };
		64E75C9D1500A71B0059010A /* CCParticleSystemPoint.m in Sources */ = {isa = PBXBuildFile; fileRef = 64E75C9C1500A71B0059010A /* CCParticleSystemPoint.m */; };
		64E75CA01500A71B0059010A /* CCParticleSystemQuad.m in Sources */ = {isa = PBXBuildFile; fileRef = 64E75C9F1500A71B0059010A /* CCParticleSystemQuad.m */; };
		64E75CA31500A71B0059010A /* CCProgressTimer.m in Sources */ = {isa = PBXBuildFile; fileRef = 64E75CA21500A71B0059010A /* CCProgressTimer.m */; };
		64E75CA71500A71B0059010A /* CCRenderTexture.m in Sources */ = {isa = PBXBuildFile; fileRef = 64E75CA61500A71B0059010A /* CCRenderTexture.m */; };
		64E75CAA1500A71B0059010A /* CCRibbon.m in Sources */ = {isa = PBXBuildFile; fileRef = 64E75CA91500A71B0059010A /* CCRibbon.m */; };
		64E75CAD1500A71B0059010A /* CCScene.m in Sources */ = {isa = PBXBuildFile; fileRef = 64E75CAC1500A71B0059010A /* CCScene.m */; };
		64E75CB01500A71B0059010A /* CCScheduler.m in Sources */ = {isa = PBXBuildFile; fileRef = 64E75CAF1500A71B0059010A /* CCScheduler.m */; };
		64E75CB31500A71B0059010A /* CCSprite.m in Sources */ = {isa = PBXBuildFile; fileRef = 64E75CB21500A71B0059010A /* CCSprite.m */; };
		64E75CB61500A71B0059010A /* CCSpriteBatchNode.m in Sources */ = {isa = PBXBuildFile; fileRef = 64E75CB51500A71B0059010A /* CCSpriteBatchNode.m */; };
		64E75CB91500A71B0059010A /* CCSpriteFrame.m in Sources */ = {isa = PBXBuildFile; fileRef = 64E75CB81500A71B0059010A /* CCSpriteFrame.m */; };
		64E75CBC1500A71B0059010A /* CCSpriteFrameCache.m in Sources */ = {isa = PBXBuildFile; fileRef = 64E75CBB1500A71B0059010A /* CCSpriteFrameCache.m */; };
		64E75CBF1500A71B0059010A /* CCTexture2D.m in Sources */ = {isa = PBXBuildFile; fileRef = 64E75CBE1500A71B0059010A /* CCTexture2D.m */; };
		64E75CC21500A71B0059010A /* CCTextureAtlas.m in Sources */ = {isa = PBXBuildFile; fileRef = 64E75CC11500A71B0059010A /* CCTextureAtlas.m */; };
		64E75CC51500A71B0059010A /* CCTextureCache.m in Sources */ = {isa = PBXBuildFile; fileRef = 64E75CC41500A71B0059010A /* CCTextureCache.m */; };
		64E75CC81500A71B0059010A /* CCTexturePVR.m in Sources */ = {isa = PBXBuildFile; fileRef = 64E75CC71500A71B0059010A /* CCTexturePVR.m */; };
		64E75CCB1500A71B0059010A /* CCTileMapAtlas.m in Sources */ = {isa = PBXBuildFile; fileRef = 64E75CCA1500A71B0059010A /* CCTileMapAtlas.m */; };
		64E75CCE1500A71B0059010A /* CCTMXLayer.m in Sources */ = {isa = PBXBuildFile; fileRef = 64E75CCD1500A71B0059010A /* CCTMXLayer.m */; };
		64E75CD11500A71B0059010A /* CCTMXObjectGroup.m in Sources */ = {isa = PBXBuildFile; fileRef = 64E75CD01500A71B0059010A /* CCTMXObjectGroup.m */; };
		64E75CD41500A71B0059010A /* CCTMXTiledMap.m in Sources */ = {isa = PBXBuildFile; fileRef = 64E75CD31500A71B0059010A /* CCTMXTiledMap.m */; };
		64E75CD71500A71B0059010A /* CCTMXXMLParser.m in Sources */ = {isa = PBXBuildFile; fileRef = 64E75CD61500A71B0059010A /* CCTMXXMLParser.m */; };
		64E75CDA1500A71B0059010A /* CCTransition.m in Sources */ = {isa = PBXBuildFile; fileRef = 64E75CD91500A71B0059010A /* CCTransition.m */; };
		64E75CDD1500A71B0059010A /* CCTransitionPageTurn.m in Sources */ = {isa = PBXBuildFile; fileRef = 64E75CDC1500A71B0059010A /* CCTransitionPageTurn.m */; };
		64E75CE01500A71B0059010A /* CCTransitionRadial.m in Sources */ = {isa = PBXBuildFile; fileRef = 64E75CDF1500A71B0059010A /* CCTransitionRadial.m */; };
		64E75CE41500A71B0059010A /* cocos2d.m in Sources */ = {isa = PBXBuildFile; fileRef = 64E75CE31500A71B0059010A /* cocos2d.m */; };
		64E75CEB1500A71C0059010A /* CCDirectorIOS.m in Sources */ = {isa = PBXBuildFile; fileRef = 64E75CEA1500A71C0059010A /* CCDirectorIOS.m */; };
		64E75CEF1500A71C0059010A /* CCTouchDispatcher.m in Sources */ = {isa = PBXBuildFile; fileRef = 64E75CEE1500A71C0059010A /* CCTouchDispatcher.m */; };
		64E75CF21500A71C0059010A /* CCTouchHandler.m in Sources */ = {isa = PBXBuildFile; fileRef = 64E75CF11500A71C0059010A /* CCTouchHandler.m */; };
		64E75CF51500A71C0059010A /* EAGLView.m in Sources */ = {isa = PBXBuildFile; fileRef = 64E75CF41500A71C0059010A /* EAGLView.m */; };
		64E75CF81500A71C0059010A /* ES1Renderer.m in Sources */ = {isa = PBXBuildFile; fileRef = 64E75CF71500A71C0059010A /* ES1Renderer.m */; };
		64E75CFB1500A71C0059010A /* glu.c in Sources */ = {isa = PBXBuildFile; fileRef = 64E75CFA1500A71C0059010A /* glu.c */; };
		64E75D001500A71C0059010A /* CCDirectorMac.m in Sources */ = {isa = PBXBuildFile; fileRef = 64E75CFF1500A71C0059010A /* CCDirectorMac.m */; };
		64E75D031500A71C0059010A /* CCEventDispatcher.m in Sources */ = {isa = PBXBuildFile; fileRef = 64E75D021500A71C0059010A /* CCEventDispatcher.m */; };
		64E75D061500A71C0059010A /* MacGLView.m in Sources */ = {isa = PBXBuildFile; fileRef = 64E75D051500A71C0059010A /* MacGLView.m */; };
		64E75D091500A71C0059010A /* MacWindow.m in Sources */ = {isa = PBXBuildFile; fileRef = 64E75D081500A71C0059010A /* MacWindow.m */; };
		64E75D0C1500A71C0059010A /* base64.c in Sources */ = {isa = PBXBuildFile; fileRef = 64E75D0B1500A71C0059010A /* base64.c */; };
		64E75D101500A71C0059010A /* CCArray.m in Sources */ = {isa = PBXBuildFile; fileRef = 64E75D0F1500A71C0059010A /* CCArray.m */; };
		64E75D141500A71C0059010A /* CCFileUtils.m in Sources */ = {isa = PBXBuildFile; fileRef = 64E75D131500A71C0059010A /* CCFileUtils.m */; };
		64E75D171500A71C0059010A /* CCProfiling.m in Sources */ = {isa = PBXBuildFile; fileRef = 64E75D161500A71C0059010A /* CCProfiling.m */; };
		64E75D191500A71C0059010A /* ccUtils.c in Sources */ = {isa = PBXBuildFile; fileRef = 64E75D181500A71C0059010A /* ccUtils.c */; };
		64E75D1D1500A71C0059010A /* CGPointExtension.m in Sources */ = {isa = PBXBuildFile; fileRef = 64E75D1C1500A71C0059010A /* CGPointExtension.m */; };
		64E75D211500A71C0059010A /* TGAlib.m in Sources */ = {isa = PBXBuildFile; fileRef = 64E75D201500A71C0059010A /* TGAlib.m */; };
		64E75D241500A71C0059010A /* TransformUtils.m in Sources */ = {isa = PBXBuildFile; fileRef = 64E75D231500A71C0059010A /* TransformUtils.m */; };
		64E75D291500A71C0059010A /* ZipUtils.m in Sources */ = {isa = PBXBuildFile; fileRef = 64E75D281500A71C0059010A /* ZipUtils.m */; };
		64E75D2E1500A71C0059010A /* CDAudioManager.m in Sources */ = {isa = PBXBuildFile; fileRef = 64E75D2D1500A71C0059010A /* CDAudioManager.m */; };
		64E75D321500A71C0059010A /* CDOpenALSupport.m in Sources */ = {isa = PBXBuildFile; fileRef = 64E75D311500A71C0059010A /* CDOpenALSupport.m */; };
		64E75D351500A71C0059010A /* CocosDenshion.m in Sources */ = {isa = PBXBuildFile; fileRef = 64E75D341500A71C0059010A /* CocosDenshion.m */; };
		64E75D381500A71C0059010A /* SimpleAudioEngine.m in Sources */ = {isa = PBXBuildFile; fileRef = 64E75D371500A71C0059010A /* SimpleAudioEngine.m */; };
		64E75D3D1500A71C0059010A /* CLScoreServerPost.m in Sources */ = {isa = PBXBuildFile; fileRef = 64E75D3C1500A71C0059010A /* CLScoreServerPost.m */; };
		64E75D401500A71C0059010A /* CLScoreServerRequest.m in Sources */ = {isa = PBXBuildFile; fileRef = 64E75D3F1500A71C0059010A /* CLScoreServerRequest.m */; };
		64E75D431500A71C0059010A /* cocoslive.m in Sources */ = {isa = PBXBuildFile; fileRef = 64E75D421500A71C0059010A /* cocoslive.m */; };
		64E75D481500A71D0059010A /* CDataScanner.m in Sources */ = {isa = PBXBuildFile; fileRef = 64E75D471500A71D0059010A /* CDataScanner.m */; };
		64E75D4C1500A71D0059010A /* CDataScanner_Extensions.m in Sources */ = {isa = PBXBuildFile; fileRef = 64E75D4B1500A71D0059010A /* CDataScanner_Extensions.m */; };
		64E75D4F1500A71D0059010A /* NSDictionary_JSONExtensions.m in Sources */ = {isa = PBXBuildFile; fileRef = 64E75D4E1500A71D0059010A /* NSDictionary_JSONExtensions.m */; };
		64E75D531500A71D0059010A /* CJSONDeserializer.m in Sources */ = {isa = PBXBuildFile; fileRef = 64E75D521500A71D0059010A /* CJSONDeserializer.m */; };
		64E75D561500A71D0059010A /* CJSONScanner.m in Sources */ = {isa = PBXBuildFile; fileRef = 64E75D551500A71D0059010A /* CJSONScanner.m */; };
		64E75D591500A71D0059010A /* CJSONSerializer.m in Sources */ = {isa = PBXBuildFile; fileRef = 64E75D581500A71D0059010A /* CJSONSerializer.m */; };
		64E75D5E1500A71D0059010A /* FontLabel.m in Sources */ = {isa = PBXBuildFile; fileRef = 64E75D5D1500A71D0059010A /* FontLabel.m */; };
		64E75D611500A71D0059010A /* FontLabelStringDrawing.m in Sources */ = {isa = PBXBuildFile; fileRef = 64E75D601500A71D0059010A /* FontLabelStringDrawing.m */; };
		64E75D641500A71D0059010A /* FontManager.m in Sources */ = {isa = PBXBuildFile; fileRef = 64E75D631500A71D0059010A /* FontManager.m */; };
		64E75D671500A71D0059010A /* ZAttributedString.m in Sources */ = {isa = PBXBuildFile; fileRef = 64E75D661500A71D0059010A /* ZAttributedString.m */; };
		64E75D6B1500A71D0059010A /* ZFont.m in Sources */ = {isa = PBXBuildFile; fileRef = 64E75D6A1500A71D0059010A /* ZFont.m */; };
		64E75D701500A71D0059010A /* main.m in Sources */ = {isa = PBXBuildFile; fileRef = 64E75D6F1500A71D0059010A /* main.m */; };
		64E75D731500A71D0059010A /* AppDelegate.m in Sources */ = {isa = PBXBuildFile; fileRef = 64E75D721500A71D0059010A /* AppDelegate.m */; };
		64E75D761500A71D0059010A /* RootViewController.m in Sources */ = {isa = PBXBuildFile; fileRef = 64E75D751500A71D0059010A /* RootViewController.m */; };
		64E75D791500A71D0059010A /* HelloWorldLayer.m in Sources */ = {isa = PBXBuildFile; fileRef = 64E75D781500A71D0059010A /* HelloWorldLayer.m */; };
/* End PBXBuildFile section */

/* Begin PBXFileReference section */
		64E75C0B1500A7190059010A /* UsingCCSprite.app */ = {isa = PBXFileReference; explicitFileType = wrapper.application; includeInIndex = 0; path = UsingCCSprite.app; sourceTree = BUILT_PRODUCTS_DIR; };
		64E75C0F1500A7190059010A /* QuartzCore.framework */ = {isa = PBXFileReference; lastKnownFileType = wrapper.framework; name = QuartzCore.framework; path = System/Library/Frameworks/QuartzCore.framework; sourceTree = SDKROOT; };
		64E75C111500A7190059010A /* OpenGLES.framework */ = {isa = PBXFileReference; lastKnownFileType = wrapper.framework; name = OpenGLES.framework; path = System/Library/Frameworks/OpenGLES.framework; sourceTree = SDKROOT; };
		64E75C131500A7190059010A /* OpenAL.framework */ = {isa = PBXFileReference; lastKnownFileType = wrapper.framework; name = OpenAL.framework; path = System/Library/Frameworks/OpenAL.framework; sourceTree = SDKROOT; };
		64E75C151500A7190059010A /* AudioToolbox.framework */ = {isa = PBXFileReference; lastKnownFileType = wrapper.framework; name = AudioToolbox.framework; path = System/Library/Frameworks/AudioToolbox.framework; sourceTree = SDKROOT; };
		64E75C171500A7190059010A /* AVFoundation.framework */ = {isa = PBXFileReference; lastKnownFileType = wrapper.framework; name = AVFoundation.framework; path = System/Library/Frameworks/AVFoundation.framework; sourceTree = SDKROOT; };
		64E75C191500A7190059010A /* UIKit.framework */ = {isa = PBXFileReference; lastKnownFileType = wrapper.framework; name = UIKit.framework; path = System/Library/Frameworks/UIKit.framework; sourceTree = SDKROOT; };
		64E75C1B1500A7190059010A /* Foundation.framework */ = {isa = PBXFileReference; lastKnownFileType = wrapper.framework; name = Foundation.framework; path = System/Library/Frameworks/Foundation.framework; sourceTree = SDKROOT; };
		64E75C1D1500A7190059010A /* CoreGraphics.framework */ = {isa = PBXFileReference; lastKnownFileType = wrapper.framework; name = CoreGraphics.framework; path = System/Library/Frameworks/CoreGraphics.framework; sourceTree = SDKROOT; };
		64E75C211500A7190059010A /* Default.png */ = {isa = PBXFileReference; lastKnownFileType = image.png; name = Default.png; path = Resources/Default.png; sourceTree = "<group>"; };
		64E75C231500A7190059010A /* fps_images.png */ = {isa = PBXFileReference; lastKnownFileType = image.png; name = fps_images.png; path = Resources/fps_images.png; sourceTree = "<group>"; };
		64E75C251500A7190059010A /* Icon-72.png */ = {isa = PBXFileReference; lastKnownFileType = image.png; name = "Icon-72.png"; path = "Resources/Icon-72.png"; sourceTree = "<group>"; };
		64E75C271500A7190059010A /* Icon-Small-50.png */ = {isa = PBXFileReference; lastKnownFileType = image.png; name = "Icon-Small-50.png"; path = "Resources/Icon-Small-50.png"; sourceTree = "<group>"; };
		64E75C291500A7190059010A /* Icon-Small.png */ = {isa = PBXFileReference; lastKnownFileType = image.png; name = "Icon-Small.png"; path = "Resources/Icon-Small.png"; sourceTree = "<group>"; };
		64E75C2B1500A7190059010A /* Icon-Small@2x.png */ = {isa = PBXFileReference; lastKnownFileType = image.png; name = "Icon-Small@2x.png"; path = "Resources/Icon-Small@2x.png"; sourceTree = "<group>"; };
		64E75C2D1500A7190059010A /* Icon.png */ = {isa = PBXFileReference; lastKnownFileType = image.png; name = Icon.png; path = Resources/Icon.png; sourceTree = "<group>"; };
		64E75C2F1500A7190059010A /* Icon@2x.png */ = {isa = PBXFileReference; lastKnownFileType = image.png; name = "Icon@2x.png"; path = "Resources/Icon@2x.png"; sourceTree = "<group>"; };
		64E75C311500A7190059010A /* Info.plist */ = {isa = PBXFileReference; name = Info.plist; path = Resources/Info.plist; sourceTree = "<group>"; };
		64E75C321500A7190059010A /* iTunesArtwork */ = {isa = PBXFileReference; lastKnownFileType = file; name = iTunesArtwork; path = Resources/iTunesArtwork; sourceTree = "<group>"; };
		64E75C361500A71A0059010A /* CCAction.h */ = {isa = PBXFileReference; name = CCAction.h; path = libs/cocos2d/CCAction.h; sourceTree = "<group>"; };
		64E75C371500A71A0059010A /* CCAction.m */ = {isa = PBXFileReference; lastKnownFileType = sourcecode.c.objc; name = CCAction.m; path = libs/cocos2d/CCAction.m; sourceTree = "<group>"; };
		64E75C391500A71A0059010A /* CCActionCamera.h */ = {isa = PBXFileReference; name = CCActionCamera.h; path = libs/cocos2d/CCActionCamera.h; sourceTree = "<group>"; };
		64E75C3A1500A71A0059010A /* CCActionCamera.m */ = {isa = PBXFileReference; lastKnownFileType = sourcecode.c.objc; name = CCActionCamera.m; path = libs/cocos2d/CCActionCamera.m; sourceTree = "<group>"; };
		64E75C3C1500A71A0059010A /* CCActionEase.h */ = {isa = PBXFileReference; name = CCActionEase.h; path = libs/cocos2d/CCActionEase.h; sourceTree = "<group>"; };
		64E75C3D1500A71A0059010A /* CCActionEase.m */ = {isa = PBXFileReference; lastKnownFileType = sourcecode.c.objc; name = CCActionEase.m; path = libs/cocos2d/CCActionEase.m; sourceTree = "<group>"; };
		64E75C3F1500A71A0059010A /* CCActionGrid.h */ = {isa = PBXFileReference; name = CCActionGrid.h; path = libs/cocos2d/CCActionGrid.h; sourceTree = "<group>"; };
		64E75C401500A71A0059010A /* CCActionGrid.m */ = {isa = PBXFileReference; lastKnownFileType = sourcecode.c.objc; name = CCActionGrid.m; path = libs/cocos2d/CCActionGrid.m; sourceTree = "<group>"; };
		64E75C421500A71A0059010A /* CCActionGrid3D.h */ = {isa = PBXFileReference; name = CCActionGrid3D.h; path = libs/cocos2d/CCActionGrid3D.h; sourceTree = "<group>"; };
		64E75C431500A71A0059010A /* CCActionGrid3D.m */ = {isa = PBXFileReference; lastKnownFileType = sourcecode.c.objc; name = CCActionGrid3D.m; path = libs/cocos2d/CCActionGrid3D.m; sourceTree = "<group>"; };
		64E75C451500A71A0059010A /* CCActionInstant.h */ = {isa = PBXFileReference; name = CCActionInstant.h; path = libs/cocos2d/CCActionInstant.h; sourceTree = "<group>"; };
		64E75C461500A71A0059010A /* CCActionInstant.m */ = {isa = PBXFileReference; lastKnownFileType = sourcecode.c.objc; name = CCActionInstant.m; path = libs/cocos2d/CCActionInstant.m; sourceTree = "<group>"; };
		64E75C481500A71A0059010A /* CCActionInterval.h */ = {isa = PBXFileReference; name = CCActionInterval.h; path = libs/cocos2d/CCActionInterval.h; sourceTree = "<group>"; };
		64E75C491500A71A0059010A /* CCActionInterval.m */ = {isa = PBXFileReference; lastKnownFileType = sourcecode.c.objc; name = CCActionInterval.m; path = libs/cocos2d/CCActionInterval.m; sourceTree = "<group>"; };
		64E75C4B1500A71A0059010A /* CCActionManager.h */ = {isa = PBXFileReference; name = CCActionManager.h; path = libs/cocos2d/CCActionManager.h; sourceTree = "<group>"; };
		64E75C4C1500A71A0059010A /* CCActionManager.m */ = {isa = PBXFileReference; lastKnownFileType = sourcecode.c.objc; name = CCActionManager.m; path = libs/cocos2d/CCActionManager.m; sourceTree = "<group>"; };
		64E75C4E1500A71A0059010A /* CCActionPageTurn3D.h */ = {isa = PBXFileReference; name = CCActionPageTurn3D.h; path = libs/cocos2d/CCActionPageTurn3D.h; sourceTree = "<group>"; };
		64E75C4F1500A71A0059010A /* CCActionPageTurn3D.m */ = {isa = PBXFileReference; lastKnownFileType = sourcecode.c.objc; name = CCActionPageTurn3D.m; path = libs/cocos2d/CCActionPageTurn3D.m; sourceTree = "<group>"; };
		64E75C511500A71A0059010A /* CCActionProgressTimer.h */ = {isa = PBXFileReference; name = CCActionProgressTimer.h; path = libs/cocos2d/CCActionProgressTimer.h; sourceTree = "<group>"; };
		64E75C521500A71A0059010A /* CCActionProgressTimer.m */ = {isa = PBXFileReference; lastKnownFileType = sourcecode.c.objc; name = CCActionProgressTimer.m; path = libs/cocos2d/CCActionProgressTimer.m; sourceTree = "<group>"; };
		64E75C541500A71A0059010A /* CCActionTiledGrid.h */ = {isa = PBXFileReference; name = CCActionTiledGrid.h; path = libs/cocos2d/CCActionTiledGrid.h; sourceTree = "<group>"; };
		64E75C551500A71A0059010A /* CCActionTiledGrid.m */ = {isa = PBXFileReference; lastKnownFileType = sourcecode.c.objc; name = CCActionTiledGrid.m; path = libs/cocos2d/CCActionTiledGrid.m; sourceTree = "<group>"; };
		64E75C571500A71A0059010A /* CCActionTween.h */ = {isa = PBXFileReference; name = CCActionTween.h; path = libs/cocos2d/CCActionTween.h; sourceTree = "<group>"; };
		64E75C581500A71A0059010A /* CCActionTween.m */ = {isa = PBXFileReference; lastKnownFileType = sourcecode.c.objc; name = CCActionTween.m; path = libs/cocos2d/CCActionTween.m; sourceTree = "<group>"; };
		64E75C5A1500A71A0059010A /* CCAnimation.h */ = {isa = PBXFileReference; name = CCAnimation.h; path = libs/cocos2d/CCAnimation.h; sourceTree = "<group>"; };
		64E75C5B1500A71A0059010A /* CCAnimation.m */ = {isa = PBXFileReference; lastKnownFileType = sourcecode.c.objc; name = CCAnimation.m; path = libs/cocos2d/CCAnimation.m; sourceTree = "<group>"; };
		64E75C5D1500A71A0059010A /* CCAnimationCache.h */ = {isa = PBXFileReference; name = CCAnimationCache.h; path = libs/cocos2d/CCAnimationCache.h; sourceTree = "<group>"; };
		64E75C5E1500A71A0059010A /* CCAnimationCache.m */ = {isa = PBXFileReference; lastKnownFileType = sourcecode.c.objc; name = CCAnimationCache.m; path = libs/cocos2d/CCAnimationCache.m; sourceTree = "<group>"; };
		64E75C601500A71A0059010A /* CCAtlasNode.h */ = {isa = PBXFileReference; name = CCAtlasNode.h; path = libs/cocos2d/CCAtlasNode.h; sourceTree = "<group>"; };
		64E75C611500A71A0059010A /* CCAtlasNode.m */ = {isa = PBXFileReference; lastKnownFileType = sourcecode.c.objc; name = CCAtlasNode.m; path = libs/cocos2d/CCAtlasNode.m; sourceTree = "<group>"; };
		64E75C631500A71A0059010A /* CCBlockSupport.h */ = {isa = PBXFileReference; name = CCBlockSupport.h; path = libs/cocos2d/CCBlockSupport.h; sourceTree = "<group>"; };
		64E75C641500A71A0059010A /* CCBlockSupport.m */ = {isa = PBXFileReference; lastKnownFileType = sourcecode.c.objc; name = CCBlockSupport.m; path = libs/cocos2d/CCBlockSupport.m; sourceTree = "<group>"; };
		64E75C661500A71A0059010A /* CCCamera.h */ = {isa = PBXFileReference; name = CCCamera.h; path = libs/cocos2d/CCCamera.h; sourceTree = "<group>"; };
		64E75C671500A71A0059010A /* CCCamera.m */ = {isa = PBXFileReference; lastKnownFileType = sourcecode.c.objc; name = CCCamera.m; path = libs/cocos2d/CCCamera.m; sourceTree = "<group>"; };
		64E75C691500A71A0059010A /* ccConfig.h */ = {isa = PBXFileReference; name = ccConfig.h; path = libs/cocos2d/ccConfig.h; sourceTree = "<group>"; };
		64E75C6A1500A71A0059010A /* CCConfiguration.h */ = {isa = PBXFileReference; name = CCConfiguration.h; path = libs/cocos2d/CCConfiguration.h; sourceTree = "<group>"; };
		64E75C6B1500A71A0059010A /* CCConfiguration.m */ = {isa = PBXFileReference; lastKnownFileType = sourcecode.c.objc; name = CCConfiguration.m; path = libs/cocos2d/CCConfiguration.m; sourceTree = "<group>"; };
		64E75C6D1500A71A0059010A /* CCDirector.h */ = {isa = PBXFileReference; name = CCDirector.h; path = libs/cocos2d/CCDirector.h; sourceTree = "<group>"; };
		64E75C6E1500A71A0059010A /* CCDirector.m */ = {isa = PBXFileReference; lastKnownFileType = sourcecode.c.objc; name = CCDirector.m; path = libs/cocos2d/CCDirector.m; sourceTree = "<group>"; };
		64E75C701500A71A0059010A /* CCDrawingPrimitives.h */ = {isa = PBXFileReference; name = CCDrawingPrimitives.h; path = libs/cocos2d/CCDrawingPrimitives.h; sourceTree = "<group>"; };
		64E75C711500A71A0059010A /* CCDrawingPrimitives.m */ = {isa = PBXFileReference; lastKnownFileType = sourcecode.c.objc; name = CCDrawingPrimitives.m; path = libs/cocos2d/CCDrawingPrimitives.m; sourceTree = "<group>"; };
		64E75C731500A71A0059010A /* CCGrabber.h */ = {isa = PBXFileReference; name = CCGrabber.h; path = libs/cocos2d/CCGrabber.h; sourceTree = "<group>"; };
		64E75C741500A71A0059010A /* CCGrabber.m */ = {isa = PBXFileReference; lastKnownFileType = sourcecode.c.objc; name = CCGrabber.m; path = libs/cocos2d/CCGrabber.m; sourceTree = "<group>"; };
		64E75C761500A71A0059010A /* CCGrid.h */ = {isa = PBXFileReference; name = CCGrid.h; path = libs/cocos2d/CCGrid.h; sourceTree = "<group>"; };
		64E75C771500A71A0059010A /* CCGrid.m */ = {isa = PBXFileReference; lastKnownFileType = sourcecode.c.objc; name = CCGrid.m; path = libs/cocos2d/CCGrid.m; sourceTree = "<group>"; };
		64E75C791500A71A0059010A /* CCLabelAtlas.h */ = {isa = PBXFileReference; name = CCLabelAtlas.h; path = libs/cocos2d/CCLabelAtlas.h; sourceTree = "<group>"; };
		64E75C7A1500A71A0059010A /* CCLabelAtlas.m */ = {isa = PBXFileReference; lastKnownFileType = sourcecode.c.objc; name = CCLabelAtlas.m; path = libs/cocos2d/CCLabelAtlas.m; sourceTree = "<group>"; };
		64E75C7C1500A71A0059010A /* CCLabelBMFont.h */ = {isa = PBXFileReference; name = CCLabelBMFont.h; path = libs/cocos2d/CCLabelBMFont.h; sourceTree = "<group>"; };
		64E75C7D1500A71A0059010A /* CCLabelBMFont.m */ = {isa = PBXFileReference; lastKnownFileType = sourcecode.c.objc; name = CCLabelBMFont.m; path = libs/cocos2d/CCLabelBMFont.m; sourceTree = "<group>"; };
		64E75C7F1500A71A0059010A /* CCLabelTTF.h */ = {isa = PBXFileReference; name = CCLabelTTF.h; path = libs/cocos2d/CCLabelTTF.h; sourceTree = "<group>"; };
		64E75C801500A71A0059010A /* CCLabelTTF.m */ = {isa = PBXFileReference; lastKnownFileType = sourcecode.c.objc; name = CCLabelTTF.m; path = libs/cocos2d/CCLabelTTF.m; sourceTree = "<group>"; };
		64E75C821500A71A0059010A /* CCLayer.h */ = {isa = PBXFileReference; name = CCLayer.h; path = libs/cocos2d/CCLayer.h; sourceTree = "<group>"; };
		64E75C831500A71A0059010A /* CCLayer.m */ = {isa = PBXFileReference; lastKnownFileType = sourcecode.c.objc; name = CCLayer.m; path = libs/cocos2d/CCLayer.m; sourceTree = "<group>"; };
		64E75C851500A71A0059010A /* ccMacros.h */ = {isa = PBXFileReference; name = ccMacros.h; path = libs/cocos2d/ccMacros.h; sourceTree = "<group>"; };
		64E75C861500A71A0059010A /* CCMenu.h */ = {isa = PBXFileReference; name = CCMenu.h; path = libs/cocos2d/CCMenu.h; sourceTree = "<group>"; };
		64E75C871500A71A0059010A /* CCMenu.m */ = {isa = PBXFileReference; lastKnownFileType = sourcecode.c.objc; name = CCMenu.m; path = libs/cocos2d/CCMenu.m; sourceTree = "<group>"; };
		64E75C891500A71A0059010A /* CCMenuItem.h */ = {isa = PBXFileReference; name = CCMenuItem.h; path = libs/cocos2d/CCMenuItem.h; sourceTree = "<group>"; };
		64E75C8A1500A71A0059010A /* CCMenuItem.m */ = {isa = PBXFileReference; lastKnownFileType = sourcecode.c.objc; name = CCMenuItem.m; path = libs/cocos2d/CCMenuItem.m; sourceTree = "<group>"; };
		64E75C8C1500A71A0059010A /* CCMotionStreak.h */ = {isa = PBXFileReference; name = CCMotionStreak.h; path = libs/cocos2d/CCMotionStreak.h; sourceTree = "<group>"; };
		64E75C8D1500A71A0059010A /* CCMotionStreak.m */ = {isa = PBXFileReference; lastKnownFileType = sourcecode.c.objc; name = CCMotionStreak.m; path = libs/cocos2d/CCMotionStreak.m; sourceTree = "<group>"; };
		64E75C8F1500A71A0059010A /* CCNode.h */ = {isa = PBXFileReference; name = CCNode.h; path = libs/cocos2d/CCNode.h; sourceTree = "<group>"; };
		64E75C901500A71A0059010A /* CCNode.m */ = {isa = PBXFileReference; lastKnownFileType = sourcecode.c.objc; name = CCNode.m; path = libs/cocos2d/CCNode.m; sourceTree = "<group>"; };
		64E75C921500A71A0059010A /* CCParallaxNode.h */ = {isa = PBXFileReference; name = CCParallaxNode.h; path = libs/cocos2d/CCParallaxNode.h; sourceTree = "<group>"; };
		64E75C931500A71A0059010A /* CCParallaxNode.m */ = {isa = PBXFileReference; lastKnownFileType = sourcecode.c.objc; name = CCParallaxNode.m; path = libs/cocos2d/CCParallaxNode.m; sourceTree = "<group>"; };
		64E75C951500A71A0059010A /* CCParticleExamples.h */ = {isa = PBXFileReference; name = CCParticleExamples.h; path = libs/cocos2d/CCParticleExamples.h; sourceTree = "<group>"; };
		64E75C961500A71B0059010A /* CCParticleExamples.m */ = {isa = PBXFileReference; lastKnownFileType = sourcecode.c.objc; name = CCParticleExamples.m; path = libs/cocos2d/CCParticleExamples.m; sourceTree = "<group>"; };
		64E75C981500A71B0059010A /* CCParticleSystem.h */ = {isa = PBXFileReference; name = CCParticleSystem.h; path = libs/cocos2d/CCParticleSystem.h; sourceTree = "<group>"; };
		64E75C991500A71B0059010A /* CCParticleSystem.m */ = {isa = PBXFileReference; lastKnownFileType = sourcecode.c.objc; name = CCParticleSystem.m; path = libs/cocos2d/CCParticleSystem.m; sourceTree = "<group>"; };
		64E75C9B1500A71B0059010A /* CCParticleSystemPoint.h */ = {isa = PBXFileReference; name = CCParticleSystemPoint.h; path = libs/cocos2d/CCParticleSystemPoint.h; sourceTree = "<group>"; };
		64E75C9C1500A71B0059010A /* CCParticleSystemPoint.m */ = {isa = PBXFileReference; lastKnownFileType = sourcecode.c.objc; name = CCParticleSystemPoint.m; path = libs/cocos2d/CCParticleSystemPoint.m; sourceTree = "<group>"; };
		64E75C9E1500A71B0059010A /* CCParticleSystemQuad.h */ = {isa = PBXFileReference; name = CCParticleSystemQuad.h; path = libs/cocos2d/CCParticleSystemQuad.h; sourceTree = "<group>"; };
		64E75C9F1500A71B0059010A /* CCParticleSystemQuad.m */ = {isa = PBXFileReference; lastKnownFileType = sourcecode.c.objc; name = CCParticleSystemQuad.m; path = libs/cocos2d/CCParticleSystemQuad.m; sourceTree = "<group>"; };
		64E75CA11500A71B0059010A /* CCProgressTimer.h */ = {isa = PBXFileReference; name = CCProgressTimer.h; path = libs/cocos2d/CCProgressTimer.h; sourceTree = "<group>"; };
		64E75CA21500A71B0059010A /* CCProgressTimer.m */ = {isa = PBXFileReference; lastKnownFileType = sourcecode.c.objc; name = CCProgressTimer.m; path = libs/cocos2d/CCProgressTimer.m; sourceTree = "<group>"; };
		64E75CA41500A71B0059010A /* CCProtocols.h */ = {isa = PBXFileReference; name = CCProtocols.h; path = libs/cocos2d/CCProtocols.h; sourceTree = "<group>"; };
		64E75CA51500A71B0059010A /* CCRenderTexture.h */ = {isa = PBXFileReference; name = CCRenderTexture.h; path = libs/cocos2d/CCRenderTexture.h; sourceTree = "<group>"; };
		64E75CA61500A71B0059010A /* CCRenderTexture.m */ = {isa = PBXFileReference; lastKnownFileType = sourcecode.c.objc; name = CCRenderTexture.m; path = libs/cocos2d/CCRenderTexture.m; sourceTree = "<group>"; };
		64E75CA81500A71B0059010A /* CCRibbon.h */ = {isa = PBXFileReference; name = CCRibbon.h; path = libs/cocos2d/CCRibbon.h; sourceTree = "<group>"; };
		64E75CA91500A71B0059010A /* CCRibbon.m */ = {isa = PBXFileReference; lastKnownFileType = sourcecode.c.objc; name = CCRibbon.m; path = libs/cocos2d/CCRibbon.m; sourceTree = "<group>"; };
		64E75CAB1500A71B0059010A /* CCScene.h */ = {isa = PBXFileReference; name = CCScene.h; path = libs/cocos2d/CCScene.h; sourceTree = "<group>"; };
		64E75CAC1500A71B0059010A /* CCScene.m */ = {isa = PBXFileReference; lastKnownFileType = sourcecode.c.objc; name = CCScene.m; path = libs/cocos2d/CCScene.m; sourceTree = "<group>"; };
		64E75CAE1500A71B0059010A /* CCScheduler.h */ = {isa = PBXFileReference; name = CCScheduler.h; path = libs/cocos2d/CCScheduler.h; sourceTree = "<group>"; };
		64E75CAF1500A71B0059010A /* CCScheduler.m */ = {isa = PBXFileReference; lastKnownFileType = sourcecode.c.objc; name = CCScheduler.m; path = libs/cocos2d/CCScheduler.m; sourceTree = "<group>"; };
		64E75CB11500A71B0059010A /* CCSprite.h */ = {isa = PBXFileReference; name = CCSprite.h; path = libs/cocos2d/CCSprite.h; sourceTree = "<group>"; };
		64E75CB21500A71B0059010A /* CCSprite.m */ = {isa = PBXFileReference; lastKnownFileType = sourcecode.c.objc; name = CCSprite.m; path = libs/cocos2d/CCSprite.m; sourceTree = "<group>"; };
		64E75CB41500A71B0059010A /* CCSpriteBatchNode.h */ = {isa = PBXFileReference; name = CCSpriteBatchNode.h; path = libs/cocos2d/CCSpriteBatchNode.h; sourceTree = "<group>"; };
		64E75CB51500A71B0059010A /* CCSpriteBatchNode.m */ = {isa = PBXFileReference; lastKnownFileType = sourcecode.c.objc; name = CCSpriteBatchNode.m; path = libs/cocos2d/CCSpriteBatchNode.m; sourceTree = "<group>"; };
		64E75CB71500A71B0059010A /* CCSpriteFrame.h */ = {isa = PBXFileReference; name = CCSpriteFrame.h; path = libs/cocos2d/CCSpriteFrame.h; sourceTree = "<group>"; };
		64E75CB81500A71B0059010A /* CCSpriteFrame.m */ = {isa = PBXFileReference; lastKnownFileType = sourcecode.c.objc; name = CCSpriteFrame.m; path = libs/cocos2d/CCSpriteFrame.m; sourceTree = "<group>"; };
		64E75CBA1500A71B0059010A /* CCSpriteFrameCache.h */ = {isa = PBXFileReference; name = CCSpriteFrameCache.h; path = libs/cocos2d/CCSpriteFrameCache.h; sourceTree = "<group>"; };
		64E75CBB1500A71B0059010A /* CCSpriteFrameCache.m */ = {isa = PBXFileReference; lastKnownFileType = sourcecode.c.objc; name = CCSpriteFrameCache.m; path = libs/cocos2d/CCSpriteFrameCache.m; sourceTree = "<group>"; };
		64E75CBD1500A71B0059010A /* CCTexture2D.h */ = {isa = PBXFileReference; name = CCTexture2D.h; path = libs/cocos2d/CCTexture2D.h; sourceTree = "<group>"; };
		64E75CBE1500A71B0059010A /* CCTexture2D.m */ = {isa = PBXFileReference; lastKnownFileType = sourcecode.c.objc; name = CCTexture2D.m; path = libs/cocos2d/CCTexture2D.m; sourceTree = "<group>"; };
		64E75CC01500A71B0059010A /* CCTextureAtlas.h */ = {isa = PBXFileReference; name = CCTextureAtlas.h; path = libs/cocos2d/CCTextureAtlas.h; sourceTree = "<group>"; };
		64E75CC11500A71B0059010A /* CCTextureAtlas.m */ = {isa = PBXFileReference; lastKnownFileType = sourcecode.c.objc; name = CCTextureAtlas.m; path = libs/cocos2d/CCTextureAtlas.m; sourceTree = "<group>"; };
		64E75CC31500A71B0059010A /* CCTextureCache.h */ = {isa = PBXFileReference; name = CCTextureCache.h; path = libs/cocos2d/CCTextureCache.h; sourceTree = "<group>"; };
		64E75CC41500A71B0059010A /* CCTextureCache.m */ = {isa = PBXFileReference; lastKnownFileType = sourcecode.c.objc; name = CCTextureCache.m; path = libs/cocos2d/CCTextureCache.m; sourceTree = "<group>"; };
		64E75CC61500A71B0059010A /* CCTexturePVR.h */ = {isa = PBXFileReference; name = CCTexturePVR.h; path = libs/cocos2d/CCTexturePVR.h; sourceTree = "<group>"; };
		64E75CC71500A71B0059010A /* CCTexturePVR.m */ = {isa = PBXFileReference; lastKnownFileType = sourcecode.c.objc; name = CCTexturePVR.m; path = libs/cocos2d/CCTexturePVR.m; sourceTree = "<group>"; };
		64E75CC91500A71B0059010A /* CCTileMapAtlas.h */ = {isa = PBXFileReference; name = CCTileMapAtlas.h; path = libs/cocos2d/CCTileMapAtlas.h; sourceTree = "<group>"; };
		64E75CCA1500A71B0059010A /* CCTileMapAtlas.m */ = {isa = PBXFileReference; lastKnownFileType = sourcecode.c.objc; name = CCTileMapAtlas.m; path = libs/cocos2d/CCTileMapAtlas.m; sourceTree = "<group>"; };
		64E75CCC1500A71B0059010A /* CCTMXLayer.h */ = {isa = PBXFileReference; name = CCTMXLayer.h; path = libs/cocos2d/CCTMXLayer.h; sourceTree = "<group>"; };
		64E75CCD1500A71B0059010A /* CCTMXLayer.m */ = {isa = PBXFileReference; lastKnownFileType = sourcecode.c.objc; name = CCTMXLayer.m; path = libs/cocos2d/CCTMXLayer.m; sourceTree = "<group>"; };
		64E75CCF1500A71B0059010A /* CCTMXObjectGroup.h */ = {isa = PBXFileReference; name = CCTMXObjectGroup.h; path = libs/cocos2d/CCTMXObjectGroup.h; sourceTree = "<group>"; };
		64E75CD01500A71B0059010A /* CCTMXObjectGroup.m */ = {isa = PBXFileReference; lastKnownFileType = sourcecode.c.objc; name = CCTMXObjectGroup.m; path = libs/cocos2d/CCTMXObjectGroup.m; sourceTree = "<group>"; };
		64E75CD21500A71B0059010A /* CCTMXTiledMap.h */ = {isa = PBXFileReference; name = CCTMXTiledMap.h; path = libs/cocos2d/CCTMXTiledMap.h; sourceTree = "<group>"; };
		64E75CD31500A71B0059010A /* CCTMXTiledMap.m */ = {isa = PBXFileReference; lastKnownFileType = sourcecode.c.objc; name = CCTMXTiledMap.m; path = libs/cocos2d/CCTMXTiledMap.m; sourceTree = "<group>"; };
		64E75CD51500A71B0059010A /* CCTMXXMLParser.h */ = {isa = PBXFileReference; name = CCTMXXMLParser.h; path = libs/cocos2d/CCTMXXMLParser.h; sourceTree = "<group>"; };
		64E75CD61500A71B0059010A /* CCTMXXMLParser.m */ = {isa = PBXFileReference; lastKnownFileType = sourcecode.c.objc; name = CCTMXXMLParser.m; path = libs/cocos2d/CCTMXXMLParser.m; sourceTree = "<group>"; };
		64E75CD81500A71B0059010A /* CCTransition.h */ = {isa = PBXFileReference; name = CCTransition.h; path = libs/cocos2d/CCTransition.h; sourceTree = "<group>"; };
		64E75CD91500A71B0059010A /* CCTransition.m */ = {isa = PBXFileReference; lastKnownFileType = sourcecode.c.objc; name = CCTransition.m; path = libs/cocos2d/CCTransition.m; sourceTree = "<group>"; };
		64E75CDB1500A71B0059010A /* CCTransitionPageTurn.h */ = {isa = PBXFileReference; name = CCTransitionPageTurn.h; path = libs/cocos2d/CCTransitionPageTurn.h; sourceTree = "<group>"; };
		64E75CDC1500A71B0059010A /* CCTransitionPageTurn.m */ = {isa = PBXFileReference; lastKnownFileType = sourcecode.c.objc; name = CCTransitionPageTurn.m; path = libs/cocos2d/CCTransitionPageTurn.m; sourceTree = "<group>"; };
		64E75CDE1500A71B0059010A /* CCTransitionRadial.h */ = {isa = PBXFileReference; name = CCTransitionRadial.h; path = libs/cocos2d/CCTransitionRadial.h; sourceTree = "<group>"; };
		64E75CDF1500A71B0059010A /* CCTransitionRadial.m */ = {isa = PBXFileReference; lastKnownFileType = sourcecode.c.objc; name = CCTransitionRadial.m; path = libs/cocos2d/CCTransitionRadial.m; sourceTree = "<group>"; };
		64E75CE11500A71B0059010A /* ccTypes.h */ = {isa = PBXFileReference; name = ccTypes.h; path = libs/cocos2d/ccTypes.h; sourceTree = "<group>"; };
		64E75CE21500A71B0059010A /* cocos2d.h */ = {isa = PBXFileReference; name = cocos2d.h; path = libs/cocos2d/cocos2d.h; sourceTree = "<group>"; };
		64E75CE31500A71B0059010A /* cocos2d.m */ = {isa = PBXFileReference; lastKnownFileType = sourcecode.c.objc; name = cocos2d.m; path = libs/cocos2d/cocos2d.m; sourceTree = "<group>"; };
		64E75CE61500A71B0059010A /* CCGL.h */ = {isa = PBXFileReference; name = CCGL.h; path = libs/cocos2d/Platforms/CCGL.h; sourceTree = "<group>"; };
		64E75CE71500A71B0059010A /* CCNS.h */ = {isa = PBXFileReference; name = CCNS.h; path = libs/cocos2d/Platforms/CCNS.h; sourceTree = "<group>"; };
		64E75CE91500A71B0059010A /* CCDirectorIOS.h */ = {isa = PBXFileReference; name = CCDirectorIOS.h; path = libs/cocos2d/Platforms/iOS/CCDirectorIOS.h; sourceTree = "<group>"; };
		64E75CEA1500A71C0059010A /* CCDirectorIOS.m */ = {isa = PBXFileReference; lastKnownFileType = sourcecode.c.objc; name = CCDirectorIOS.m; path = libs/cocos2d/Platforms/iOS/CCDirectorIOS.m; sourceTree = "<group>"; };
		64E75CEC1500A71C0059010A /* CCTouchDelegateProtocol.h */ = {isa = PBXFileReference; name = CCTouchDelegateProtocol.h; path = libs/cocos2d/Platforms/iOS/CCTouchDelegateProtocol.h; sourceTree = "<group>"; };
		64E75CED1500A71C0059010A /* CCTouchDispatcher.h */ = {isa = PBXFileReference; name = CCTouchDispatcher.h; path = libs/cocos2d/Platforms/iOS/CCTouchDispatcher.h; sourceTree = "<group>"; };
		64E75CEE1500A71C0059010A /* CCTouchDispatcher.m */ = {isa = PBXFileReference; lastKnownFileType = sourcecode.c.objc; name = CCTouchDispatcher.m; path = libs/cocos2d/Platforms/iOS/CCTouchDispatcher.m; sourceTree = "<group>"; };
		64E75CF01500A71C0059010A /* CCTouchHandler.h */ = {isa = PBXFileReference; name = CCTouchHandler.h; path = libs/cocos2d/Platforms/iOS/CCTouchHandler.h; sourceTree = "<group>"; };
		64E75CF11500A71C0059010A /* CCTouchHandler.m */ = {isa = PBXFileReference; lastKnownFileType = sourcecode.c.objc; name = CCTouchHandler.m; path = libs/cocos2d/Platforms/iOS/CCTouchHandler.m; sourceTree = "<group>"; };
		64E75CF31500A71C0059010A /* EAGLView.h */ = {isa = PBXFileReference; name = EAGLView.h; path = libs/cocos2d/Platforms/iOS/EAGLView.h; sourceTree = "<group>"; };
		64E75CF41500A71C0059010A /* EAGLView.m */ = {isa = PBXFileReference; lastKnownFileType = sourcecode.c.objc; name = EAGLView.m; path = libs/cocos2d/Platforms/iOS/EAGLView.m; sourceTree = "<group>"; };
		64E75CF61500A71C0059010A /* ES1Renderer.h */ = {isa = PBXFileReference; name = ES1Renderer.h; path = libs/cocos2d/Platforms/iOS/ES1Renderer.h; sourceTree = "<group>"; };
		64E75CF71500A71C0059010A /* ES1Renderer.m */ = {isa = PBXFileReference; lastKnownFileType = sourcecode.c.objc; name = ES1Renderer.m; path = libs/cocos2d/Platforms/iOS/ES1Renderer.m; sourceTree = "<group>"; };
		64E75CF91500A71C0059010A /* ESRenderer.h */ = {isa = PBXFileReference; name = ESRenderer.h; path = libs/cocos2d/Platforms/iOS/ESRenderer.h; sourceTree = "<group>"; };
		64E75CFA1500A71C0059010A /* glu.c */ = {isa = PBXFileReference; lastKnownFileType = sourcecode.c.c; name = glu.c; path = libs/cocos2d/Platforms/iOS/glu.c; sourceTree = "<group>"; };
		64E75CFC1500A71C0059010A /* glu.h */ = {isa = PBXFileReference; name = glu.h; path = libs/cocos2d/Platforms/iOS/glu.h; sourceTree = "<group>"; };
		64E75CFE1500A71C0059010A /* CCDirectorMac.h */ = {isa = PBXFileReference; name = CCDirectorMac.h; path = libs/cocos2d/Platforms/Mac/CCDirectorMac.h; sourceTree = "<group>"; };
		64E75CFF1500A71C0059010A /* CCDirectorMac.m */ = {isa = PBXFileReference; lastKnownFileType = sourcecode.c.objc; name = CCDirectorMac.m; path = libs/cocos2d/Platforms/Mac/CCDirectorMac.m; sourceTree = "<group>"; };
		64E75D011500A71C0059010A /* CCEventDispatcher.h */ = {isa = PBXFileReference; name = CCEventDispatcher.h; path = libs/cocos2d/Platforms/Mac/CCEventDispatcher.h; sourceTree = "<group>"; };
		64E75D021500A71C0059010A /* CCEventDispatcher.m */ = {isa = PBXFileReference; lastKnownFileType = sourcecode.c.objc; name = CCEventDispatcher.m; path = libs/cocos2d/Platforms/Mac/CCEventDispatcher.m; sourceTree = "<group>"; };
		64E75D041500A71C0059010A /* MacGLView.h */ = {isa = PBXFileReference; name = MacGLView.h; path = libs/cocos2d/Platforms/Mac/MacGLView.h; sourceTree = "<group>"; };
		64E75D051500A71C0059010A /* MacGLView.m */ = {isa = PBXFileReference; lastKnownFileType = sourcecode.c.objc; name = MacGLView.m; path = libs/cocos2d/Platforms/Mac/MacGLView.m; sourceTree = "<group>"; };
		64E75D071500A71C0059010A /* MacWindow.h */ = {isa = PBXFileReference; name = MacWindow.h; path = libs/cocos2d/Platforms/Mac/MacWindow.h; sourceTree = "<group>"; };
		64E75D081500A71C0059010A /* MacWindow.m */ = {isa = PBXFileReference; lastKnownFileType = sourcecode.c.objc; name = MacWindow.m; path = libs/cocos2d/Platforms/Mac/MacWindow.m; sourceTree = "<group>"; };
		64E75D0B1500A71C0059010A /* base64.c */ = {isa = PBXFileReference; lastKnownFileType = sourcecode.c.c; name = base64.c; path = libs/cocos2d/Support/base64.c; sourceTree = "<group>"; };
		64E75D0D1500A71C0059010A /* base64.h */ = {isa = PBXFileReference; name = base64.h; path = libs/cocos2d/Support/base64.h; sourceTree = "<group>"; };
		64E75D0E1500A71C0059010A /* CCArray.h */ = {isa = PBXFileReference; name = CCArray.h; path = libs/cocos2d/Support/CCArray.h; sourceTree = "<group>"; };
		64E75D0F1500A71C0059010A /* CCArray.m */ = {isa = PBXFileReference; lastKnownFileType = sourcecode.c.objc; name = CCArray.m; path = libs/cocos2d/Support/CCArray.m; sourceTree = "<group>"; };
		64E75D111500A71C0059010A /* ccCArray.h */ = {isa = PBXFileReference; name = ccCArray.h; path = libs/cocos2d/Support/ccCArray.h; sourceTree = "<group>"; };
		64E75D121500A71C0059010A /* CCFileUtils.h */ = {isa = PBXFileReference; name = CCFileUtils.h; path = libs/cocos2d/Support/CCFileUtils.h; sourceTree = "<group>"; };
		64E75D131500A71C0059010A /* CCFileUtils.m */ = {isa = PBXFileReference; lastKnownFileType = sourcecode.c.objc; name = CCFileUtils.m; path = libs/cocos2d/Support/CCFileUtils.m; sourceTree = "<group>"; };
		64E75D151500A71C0059010A /* CCProfiling.h */ = {isa = PBXFileReference; name = CCProfiling.h; path = libs/cocos2d/Support/CCProfiling.h; sourceTree = "<group>"; };
		64E75D161500A71C0059010A /* CCProfiling.m */ = {isa = PBXFileReference; lastKnownFileType = sourcecode.c.objc; name = CCProfiling.m; path = libs/cocos2d/Support/CCProfiling.m; sourceTree = "<group>"; };
		64E75D181500A71C0059010A /* ccUtils.c */ = {isa = PBXFileReference; lastKnownFileType = sourcecode.c.c; name = ccUtils.c; path = libs/cocos2d/Support/ccUtils.c; sourceTree = "<group>"; };
		64E75D1A1500A71C0059010A /* ccUtils.h */ = {isa = PBXFileReference; name = ccUtils.h; path = libs/cocos2d/Support/ccUtils.h; sourceTree = "<group>"; };
		64E75D1B1500A71C0059010A /* CGPointExtension.h */ = {isa = PBXFileReference; name = CGPointExtension.h; path = libs/cocos2d/Support/CGPointExtension.h; sourceTree = "<group>"; };
		64E75D1C1500A71C0059010A /* CGPointExtension.m */ = {isa = PBXFileReference; lastKnownFileType = sourcecode.c.objc; name = CGPointExtension.m; path = libs/cocos2d/Support/CGPointExtension.m; sourceTree = "<group>"; };
		64E75D1E1500A71C0059010A /* OpenGL_Internal.h */ = {isa = PBXFileReference; name = OpenGL_Internal.h; path = libs/cocos2d/Support/OpenGL_Internal.h; sourceTree = "<group>"; };
		64E75D1F1500A71C0059010A /* TGAlib.h */ = {isa = PBXFileReference; name = TGAlib.h; path = libs/cocos2d/Support/TGAlib.h; sourceTree = "<group>"; };
		64E75D201500A71C0059010A /* TGAlib.m */ = {isa = PBXFileReference; lastKnownFileType = sourcecode.c.objc; name = TGAlib.m; path = libs/cocos2d/Support/TGAlib.m; sourceTree = "<group>"; };
		64E75D221500A71C0059010A /* TransformUtils.h */ = {isa = PBXFileReference; name = TransformUtils.h; path = libs/cocos2d/Support/TransformUtils.h; sourceTree = "<group>"; };
		64E75D231500A71C0059010A /* TransformUtils.m */ = {isa = PBXFileReference; lastKnownFileType = sourcecode.c.objc; name = TransformUtils.m; path = libs/cocos2d/Support/TransformUtils.m; sourceTree = "<group>"; };
		64E75D251500A71C0059010A /* uthash.h */ = {isa = PBXFileReference; name = uthash.h; path = libs/cocos2d/Support/uthash.h; sourceTree = "<group>"; };
		64E75D261500A71C0059010A /* utlist.h */ = {isa = PBXFileReference; name = utlist.h; path = libs/cocos2d/Support/utlist.h; sourceTree = "<group>"; };
		64E75D271500A71C0059010A /* ZipUtils.h */ = {isa = PBXFileReference; name = ZipUtils.h; path = libs/cocos2d/Support/ZipUtils.h; sourceTree = "<group>"; };
		64E75D281500A71C0059010A /* ZipUtils.m */ = {isa = PBXFileReference; lastKnownFileType = sourcecode.c.objc; name = ZipUtils.m; path = libs/cocos2d/Support/ZipUtils.m; sourceTree = "<group>"; };
		64E75D2A1500A71C0059010A /* LICENSE_cocos2d.txt */ = {isa = PBXFileReference; name = LICENSE_cocos2d.txt; path = libs/LICENSE_cocos2d.txt; sourceTree = "<group>"; };
		64E75D2C1500A71C0059010A /* CDAudioManager.h */ = {isa = PBXFileReference; name = CDAudioManager.h; path = libs/CocosDenshion/CDAudioManager.h; sourceTree = "<group>"; };
		64E75D2D1500A71C0059010A /* CDAudioManager.m */ = {isa = PBXFileReference; lastKnownFileType = sourcecode.c.objc; name = CDAudioManager.m; path = libs/CocosDenshion/CDAudioManager.m; sourceTree = "<group>"; };
		64E75D2F1500A71C0059010A /* CDConfig.h */ = {isa = PBXFileReference; name = CDConfig.h; path = libs/CocosDenshion/CDConfig.h; sourceTree = "<group>"; };
		64E75D301500A71C0059010A /* CDOpenALSupport.h */ = {isa = PBXFileReference; name = CDOpenALSupport.h; path = libs/CocosDenshion/CDOpenALSupport.h; sourceTree = "<group>"; };
		64E75D311500A71C0059010A /* CDOpenALSupport.m */ = {isa = PBXFileReference; lastKnownFileType = sourcecode.c.objc; name = CDOpenALSupport.m; path = libs/CocosDenshion/CDOpenALSupport.m; sourceTree = "<group>"; };
		64E75D331500A71C0059010A /* CocosDenshion.h */ = {isa = PBXFileReference; name = CocosDenshion.h; path = libs/CocosDenshion/CocosDenshion.h; sourceTree = "<group>"; };
		64E75D341500A71C0059010A /* CocosDenshion.m */ = {isa = PBXFileReference; lastKnownFileType = sourcecode.c.objc; name = CocosDenshion.m; path = libs/CocosDenshion/CocosDenshion.m; sourceTree = "<group>"; };
		64E75D361500A71C0059010A /* SimpleAudioEngine.h */ = {isa = PBXFileReference; name = SimpleAudioEngine.h; path = libs/CocosDenshion/SimpleAudioEngine.h; sourceTree = "<group>"; };
		64E75D371500A71C0059010A /* SimpleAudioEngine.m */ = {isa = PBXFileReference; lastKnownFileType = sourcecode.c.objc; name = SimpleAudioEngine.m; path = libs/CocosDenshion/SimpleAudioEngine.m; sourceTree = "<group>"; };
		64E75D391500A71C0059010A /* LICENSE_CocosDenshion.txt */ = {isa = PBXFileReference; name = LICENSE_CocosDenshion.txt; path = libs/LICENSE_CocosDenshion.txt; sourceTree = "<group>"; };
		64E75D3B1500A71C0059010A /* CLScoreServerPost.h */ = {isa = PBXFileReference; name = CLScoreServerPost.h; path = libs/cocoslive/CLScoreServerPost.h; sourceTree = "<group>"; };
		64E75D3C1500A71C0059010A /* CLScoreServerPost.m */ = {isa = PBXFileReference; lastKnownFileType = sourcecode.c.objc; name = CLScoreServerPost.m; path = libs/cocoslive/CLScoreServerPost.m; sourceTree = "<group>"; };
		64E75D3E1500A71C0059010A /* CLScoreServerRequest.h */ = {isa = PBXFileReference; name = CLScoreServerRequest.h; path = libs/cocoslive/CLScoreServerRequest.h; sourceTree = "<group>"; };
		64E75D3F1500A71C0059010A /* CLScoreServerRequest.m */ = {isa = PBXFileReference; lastKnownFileType = sourcecode.c.objc; name = CLScoreServerRequest.m; path = libs/cocoslive/CLScoreServerRequest.m; sourceTree = "<group>"; };
		64E75D411500A71C0059010A /* cocoslive.h */ = {isa = PBXFileReference; name = cocoslive.h; path = libs/cocoslive/cocoslive.h; sourceTree = "<group>"; };
		64E75D421500A71C0059010A /* cocoslive.m */ = {isa = PBXFileReference; lastKnownFileType = sourcecode.c.objc; name = cocoslive.m; path = libs/cocoslive/cocoslive.m; sourceTree = "<group>"; };
		64E75D441500A71C0059010A /* LICENSE_TouchJSON.txt */ = {isa = PBXFileReference; name = LICENSE_TouchJSON.txt; path = libs/LICENSE_TouchJSON.txt; sourceTree = "<group>"; };
		64E75D461500A71C0059010A /* CDataScanner.h */ = {isa = PBXFileReference; name = CDataScanner.h; path = libs/TouchJSON/CDataScanner.h; sourceTree = "<group>"; };
		64E75D471500A71D0059010A /* CDataScanner.m */ = {isa = PBXFileReference; lastKnownFileType = sourcecode.c.objc; name = CDataScanner.m; path = libs/TouchJSON/CDataScanner.m; sourceTree = "<group>"; };
		64E75D4A1500A71D0059010A /* CDataScanner_Extensions.h */ = {isa = PBXFileReference; name = CDataScanner_Extensions.h; path = libs/TouchJSON/Extensions/CDataScanner_Extensions.h; sourceTree = "<group>"; };
		64E75D4B1500A71D0059010A /* CDataScanner_Extensions.m */ = {isa = PBXFileReference; lastKnownFileType = sourcecode.c.objc; name = CDataScanner_Extensions.m; path = libs/TouchJSON/Extensions/CDataScanner_Extensions.m; sourceTree = "<group>"; };
		64E75D4D1500A71D0059010A /* NSDictionary_JSONExtensions.h */ = {isa = PBXFileReference; name = NSDictionary_JSONExtensions.h; path = libs/TouchJSON/Extensions/NSDictionary_JSONExtensions.h; sourceTree = "<group>"; };
		64E75D4E1500A71D0059010A /* NSDictionary_JSONExtensions.m */ = {isa = PBXFileReference; lastKnownFileType = sourcecode.c.objc; name = NSDictionary_JSONExtensions.m; path = libs/TouchJSON/Extensions/NSDictionary_JSONExtensions.m; sourceTree = "<group>"; };
		64E75D511500A71D0059010A /* CJSONDeserializer.h */ = {isa = PBXFileReference; name = CJSONDeserializer.h; path = libs/TouchJSON/JSON/CJSONDeserializer.h; sourceTree = "<group>"; };
		64E75D521500A71D0059010A /* CJSONDeserializer.m */ = {isa = PBXFileReference; lastKnownFileType = sourcecode.c.objc; name = CJSONDeserializer.m; path = libs/TouchJSON/JSON/CJSONDeserializer.m; sourceTree = "<group>"; };
		64E75D541500A71D0059010A /* CJSONScanner.h */ = {isa = PBXFileReference; name = CJSONScanner.h; path = libs/TouchJSON/JSON/CJSONScanner.h; sourceTree = "<group>"; };
		64E75D551500A71D0059010A /* CJSONScanner.m */ = {isa = PBXFileReference; lastKnownFileType = sourcecode.c.objc; name = CJSONScanner.m; path = libs/TouchJSON/JSON/CJSONScanner.m; sourceTree = "<group>"; };
		64E75D571500A71D0059010A /* CJSONSerializer.h */ = {isa = PBXFileReference; name = CJSONSerializer.h; path = libs/TouchJSON/JSON/CJSONSerializer.h; sourceTree = "<group>"; };
		64E75D581500A71D0059010A /* CJSONSerializer.m */ = {isa = PBXFileReference; lastKnownFileType = sourcecode.c.objc; name = CJSONSerializer.m; path = libs/TouchJSON/JSON/CJSONSerializer.m; sourceTree = "<group>"; };
		64E75D5A1500A71D0059010A /* JSONRepresentation.h */ = {isa = PBXFileReference; name = JSONRepresentation.h; path = libs/TouchJSON/JSON/JSONRepresentation.h; sourceTree = "<group>"; };
		64E75D5C1500A71D0059010A /* FontLabel.h */ = {isa = PBXFileReference; name = FontLabel.h; path = libs/FontLabel/FontLabel.h; sourceTree = "<group>"; };
		64E75D5D1500A71D0059010A /* FontLabel.m */ = {isa = PBXFileReference; lastKnownFileType = sourcecode.c.objc; name = FontLabel.m; path = libs/FontLabel/FontLabel.m; sourceTree = "<group>"; };
		64E75D5F1500A71D0059010A /* FontLabelStringDrawing.h */ = {isa = PBXFileReference; name = FontLabelStringDrawing.h; path = libs/FontLabel/FontLabelStringDrawing.h; sourceTree = "<group>"; };
		64E75D601500A71D0059010A /* FontLabelStringDrawing.m */ = {isa = PBXFileReference; lastKnownFileType = sourcecode.c.objc; name = FontLabelStringDrawing.m; path = libs/FontLabel/FontLabelStringDrawing.m; sourceTree = "<group>"; };
		64E75D621500A71D0059010A /* FontManager.h */ = {isa = PBXFileReference; name = FontManager.h; path = libs/FontLabel/FontManager.h; sourceTree = "<group>"; };
		64E75D631500A71D0059010A /* FontManager.m */ = {isa = PBXFileReference; lastKnownFileType = sourcecode.c.objc; name = FontManager.m; path = libs/FontLabel/FontManager.m; sourceTree = "<group>"; };
		64E75D651500A71D0059010A /* ZAttributedString.h */ = {isa = PBXFileReference; name = ZAttributedString.h; path = libs/FontLabel/ZAttributedString.h; sourceTree = "<group>"; };
		64E75D661500A71D0059010A /* ZAttributedString.m */ = {isa = PBXFileReference; lastKnownFileType = sourcecode.c.objc; name = ZAttributedString.m; path = libs/FontLabel/ZAttributedString.m; sourceTree = "<group>"; };
		64E75D681500A71D0059010A /* ZAttributedStringPrivate.h */ = {isa = PBXFileReference; name = ZAttributedStringPrivate.h; path = libs/FontLabel/ZAttributedStringPrivate.h; sourceTree = "<group>"; };
		64E75D691500A71D0059010A /* ZFont.h */ = {isa = PBXFileReference; name = ZFont.h; path = libs/FontLabel/ZFont.h; sourceTree = "<group>"; };
		64E75D6A1500A71D0059010A /* ZFont.m */ = {isa = PBXFileReference; lastKnownFileType = sourcecode.c.objc; name = ZFont.m; path = libs/FontLabel/ZFont.m; sourceTree = "<group>"; };
		64E75D6C1500A71D0059010A /* LICENSE_FontLabel.txt */ = {isa = PBXFileReference; name = LICENSE_FontLabel.txt; path = libs/LICENSE_FontLabel.txt; sourceTree = "<group>"; };
		64E75D6E1500A71D0059010A /* Prefix.pch */ = {isa = PBXFileReference; path = Prefix.pch; sourceTree = "<group>"; };
		64E75D6F1500A71D0059010A /* main.m */ = {isa = PBXFileReference; lastKnownFileType = sourcecode.c.objc; path = main.m; sourceTree = "<group>"; };
		64E75D711500A71D0059010A /* AppDelegate.h */ = {isa = PBXFileReference; path = AppDelegate.h; sourceTree = "<group>"; };
		64E75D721500A71D0059010A /* AppDelegate.m */ = {isa = PBXFileReference; lastKnownFileType = sourcecode.c.objc; path = AppDelegate.m; sourceTree = "<group>"; };
		64E75D741500A71D0059010A /* RootViewController.h */ = {isa = PBXFileReference; path = RootViewController.h; sourceTree = "<group>"; };
		64E75D751500A71D0059010A /* RootViewController.m */ = {isa = PBXFileReference; lastKnownFileType = sourcecode.c.objc; path = RootViewController.m; sourceTree = "<group>"; };
		64E75D771500A71D0059010A /* HelloWorldLayer.h */ = {isa = PBXFileReference; path = HelloWorldLayer.h; sourceTree = "<group>"; };
		64E75D781500A71D0059010A /* HelloWorldLayer.m */ = {isa = PBXFileReference; lastKnownFileType = sourcecode.c.objc; path = HelloWorldLayer.m; sourceTree = "<group>"; };
		64E75D7A1500A71D0059010A /* GameConfig.h */ = {isa = PBXFileReference; path = GameConfig.h; sourceTree = "<group>"; };
/* End PBXFileReference section */

/* Begin PBXFrameworksBuildPhase section */
		64E75C081500A7190059010A /* Frameworks */ = {
			isa = PBXFrameworksBuildPhase;
			buildActionMask = 2147483647;
			files = (
				64E75C101500A7190059010A /* QuartzCore.framework in Frameworks */,
				64E75C121500A7190059010A /* OpenGLES.framework in Frameworks */,
				64E75C141500A7190059010A /* OpenAL.framework in Frameworks */,
				64E75C161500A7190059010A /* AudioToolbox.framework in Frameworks */,
				64E75C181500A7190059010A /* AVFoundation.framework in Frameworks */,
				64E75C1A1500A7190059010A /* UIKit.framework in Frameworks */,
				64E75C1C1500A7190059010A /* Foundation.framework in Frameworks */,
				64E75C1E1500A7190059010A /* CoreGraphics.framework in Frameworks */,
			);
			runOnlyForDeploymentPostprocessing = 0;
		};
/* End PBXFrameworksBuildPhase section */

/* Begin PBXGroup section */
		64E75C001500A7190059010A = {
			isa = PBXGroup;
			children = (
				64E75C1F1500A7190059010A /* UsingCCSprite */,
				64E75C0E1500A7190059010A /* Frameworks */,
				64E75C0C1500A7190059010A /* Products */,
			);
			sourceTree = "<group>";
		};
		64E75C0C1500A7190059010A /* Products */ = {
			isa = PBXGroup;
			children = (
				64E75C0B1500A7190059010A /* UsingCCSprite.app */,
			);
			name = Products;
			sourceTree = "<group>";
		};
		64E75C0E1500A7190059010A /* Frameworks */ = {
			isa = PBXGroup;
			children = (
				64E75C0F1500A7190059010A /* QuartzCore.framework */,
				64E75C111500A7190059010A /* OpenGLES.framework */,
				64E75C131500A7190059010A /* OpenAL.framework */,
				64E75C151500A7190059010A /* AudioToolbox.framework */,
				64E75C171500A7190059010A /* AVFoundation.framework */,
				64E75C191500A7190059010A /* UIKit.framework */,
				64E75C1B1500A7190059010A /* Foundation.framework */,
				64E75C1D1500A7190059010A /* CoreGraphics.framework */,
			);
			name = Frameworks;
			sourceTree = "<group>";
		};
		64E75C1F1500A7190059010A /* UsingCCSprite */ = {
			isa = PBXGroup;
			children = (
				64E75D711500A71D0059010A /* AppDelegate.h */,
				64E75D721500A71D0059010A /* AppDelegate.m */,
				64E75D741500A71D0059010A /* RootViewController.h */,
				64E75D751500A71D0059010A /* RootViewController.m */,
				64E75D771500A71D0059010A /* HelloWorldLayer.h */,
				64E75D781500A71D0059010A /* HelloWorldLayer.m */,
				64E75D7A1500A71D0059010A /* GameConfig.h */,
				64E75C201500A7190059010A /* Resources */,
				64E75C341500A71A0059010A /* libs */,
				64E75D6D1500A71D0059010A /* Supporting Files */,
			);
			path = UsingCCSprite;
			sourceTree = "<group>";
		};
		64E75C201500A7190059010A /* Resources */ = {
			isa = PBXGroup;
			children = (
				64E75C211500A7190059010A /* Default.png */,
				64E75C231500A7190059010A /* fps_images.png */,
				64E75C251500A7190059010A /* Icon-72.png */,
				64E75C271500A7190059010A /* Icon-Small-50.png */,
				64E75C291500A7190059010A /* Icon-Small.png */,
				64E75C2B1500A7190059010A /* Icon-Small@2x.png */,
				64E75C2D1500A7190059010A /* Icon.png */,
				64E75C2F1500A7190059010A /* Icon@2x.png */,
				64E75C311500A7190059010A /* Info.plist */,
				64E75C321500A7190059010A /* iTunesArtwork */,
			);
			name = Resources;
			sourceTree = "<group>";
		};
		64E75C341500A71A0059010A /* libs */ = {
			isa = PBXGroup;
			children = (
				64E75D2A1500A71C0059010A /* LICENSE_cocos2d.txt */,
				64E75D391500A71C0059010A /* LICENSE_CocosDenshion.txt */,
				64E75D441500A71C0059010A /* LICENSE_TouchJSON.txt */,
				64E75D6C1500A71D0059010A /* LICENSE_FontLabel.txt */,
				64E75C351500A71A0059010A /* cocos2d */,
				64E75D2B1500A71C0059010A /* CocosDenshion */,
				64E75D3A1500A71C0059010A /* cocoslive */,
				64E75D451500A71C0059010A /* TouchJSON */,
				64E75D5B1500A71D0059010A /* FontLabel */,
			);
			name = libs;
			sourceTree = "<group>";
		};
		64E75C351500A71A0059010A /* cocos2d */ = {
			isa = PBXGroup;
			children = (
				64E75C361500A71A0059010A /* CCAction.h */,
				64E75C371500A71A0059010A /* CCAction.m */,
				64E75C391500A71A0059010A /* CCActionCamera.h */,
				64E75C3A1500A71A0059010A /* CCActionCamera.m */,
				64E75C3C1500A71A0059010A /* CCActionEase.h */,
				64E75C3D1500A71A0059010A /* CCActionEase.m */,
				64E75C3F1500A71A0059010A /* CCActionGrid.h */,
				64E75C401500A71A0059010A /* CCActionGrid.m */,
				64E75C421500A71A0059010A /* CCActionGrid3D.h */,
				64E75C431500A71A0059010A /* CCActionGrid3D.m */,
				64E75C451500A71A0059010A /* CCActionInstant.h */,
				64E75C461500A71A0059010A /* CCActionInstant.m */,
				64E75C481500A71A0059010A /* CCActionInterval.h */,
				64E75C491500A71A0059010A /* CCActionInterval.m */,
				64E75C4B1500A71A0059010A /* CCActionManager.h */,
				64E75C4C1500A71A0059010A /* CCActionManager.m */,
				64E75C4E1500A71A0059010A /* CCActionPageTurn3D.h */,
				64E75C4F1500A71A0059010A /* CCActionPageTurn3D.m */,
				64E75C511500A71A0059010A /* CCActionProgressTimer.h */,
				64E75C521500A71A0059010A /* CCActionProgressTimer.m */,
				64E75C541500A71A0059010A /* CCActionTiledGrid.h */,
				64E75C551500A71A0059010A /* CCActionTiledGrid.m */,
				64E75C571500A71A0059010A /* CCActionTween.h */,
				64E75C581500A71A0059010A /* CCActionTween.m */,
				64E75C5A1500A71A0059010A /* CCAnimation.h */,
				64E75C5B1500A71A0059010A /* CCAnimation.m */,
				64E75C5D1500A71A0059010A /* CCAnimationCache.h */,
				64E75C5E1500A71A0059010A /* CCAnimationCache.m */,
				64E75C601500A71A0059010A /* CCAtlasNode.h */,
				64E75C611500A71A0059010A /* CCAtlasNode.m */,
				64E75C631500A71A0059010A /* CCBlockSupport.h */,
				64E75C641500A71A0059010A /* CCBlockSupport.m */,
				64E75C661500A71A0059010A /* CCCamera.h */,
				64E75C671500A71A0059010A /* CCCamera.m */,
				64E75C691500A71A0059010A /* ccConfig.h */,
				64E75C6A1500A71A0059010A /* CCConfiguration.h */,
				64E75C6B1500A71A0059010A /* CCConfiguration.m */,
				64E75C6D1500A71A0059010A /* CCDirector.h */,
				64E75C6E1500A71A0059010A /* CCDirector.m */,
				64E75C701500A71A0059010A /* CCDrawingPrimitives.h */,
				64E75C711500A71A0059010A /* CCDrawingPrimitives.m */,
				64E75C731500A71A0059010A /* CCGrabber.h */,
				64E75C741500A71A0059010A /* CCGrabber.m */,
				64E75C761500A71A0059010A /* CCGrid.h */,
				64E75C771500A71A0059010A /* CCGrid.m */,
				64E75C791500A71A0059010A /* CCLabelAtlas.h */,
				64E75C7A1500A71A0059010A /* CCLabelAtlas.m */,
				64E75C7C1500A71A0059010A /* CCLabelBMFont.h */,
				64E75C7D1500A71A0059010A /* CCLabelBMFont.m */,
				64E75C7F1500A71A0059010A /* CCLabelTTF.h */,
				64E75C801500A71A0059010A /* CCLabelTTF.m */,
				64E75C821500A71A0059010A /* CCLayer.h */,
				64E75C831500A71A0059010A /* CCLayer.m */,
				64E75C851500A71A0059010A /* ccMacros.h */,
				64E75C861500A71A0059010A /* CCMenu.h */,
				64E75C871500A71A0059010A /* CCMenu.m */,
				64E75C891500A71A0059010A /* CCMenuItem.h */,
				64E75C8A1500A71A0059010A /* CCMenuItem.m */,
				64E75C8C1500A71A0059010A /* CCMotionStreak.h */,
				64E75C8D1500A71A0059010A /* CCMotionStreak.m */,
				64E75C8F1500A71A0059010A /* CCNode.h */,
				64E75C901500A71A0059010A /* CCNode.m */,
				64E75C921500A71A0059010A /* CCParallaxNode.h */,
				64E75C931500A71A0059010A /* CCParallaxNode.m */,
				64E75C951500A71A0059010A /* CCParticleExamples.h */,
				64E75C961500A71B0059010A /* CCParticleExamples.m */,
				64E75C981500A71B0059010A /* CCParticleSystem.h */,
				64E75C991500A71B0059010A /* CCParticleSystem.m */,
				64E75C9B1500A71B0059010A /* CCParticleSystemPoint.h */,
				64E75C9C1500A71B0059010A /* CCParticleSystemPoint.m */,
				64E75C9E1500A71B0059010A /* CCParticleSystemQuad.h */,
				64E75C9F1500A71B0059010A /* CCParticleSystemQuad.m */,
				64E75CA11500A71B0059010A /* CCProgressTimer.h */,
				64E75CA21500A71B0059010A /* CCProgressTimer.m */,
				64E75CA41500A71B0059010A /* CCProtocols.h */,
				64E75CA51500A71B0059010A /* CCRenderTexture.h */,
				64E75CA61500A71B0059010A /* CCRenderTexture.m */,
				64E75CA81500A71B0059010A /* CCRibbon.h */,
				64E75CA91500A71B0059010A /* CCRibbon.m */,
				64E75CAB1500A71B0059010A /* CCScene.h */,
				64E75CAC1500A71B0059010A /* CCScene.m */,
				64E75CAE1500A71B0059010A /* CCScheduler.h */,
				64E75CAF1500A71B0059010A /* CCScheduler.m */,
				64E75CB11500A71B0059010A /* CCSprite.h */,
				64E75CB21500A71B0059010A /* CCSprite.m */,
				64E75CB41500A71B0059010A /* CCSpriteBatchNode.h */,
				64E75CB51500A71B0059010A /* CCSpriteBatchNode.m */,
				64E75CB71500A71B0059010A /* CCSpriteFrame.h */,
				64E75CB81500A71B0059010A /* CCSpriteFrame.m */,
				64E75CBA1500A71B0059010A /* CCSpriteFrameCache.h */,
				64E75CBB1500A71B0059010A /* CCSpriteFrameCache.m */,
				64E75CBD1500A71B0059010A /* CCTexture2D.h */,
				64E75CBE1500A71B0059010A /* CCTexture2D.m */,
				64E75CC01500A71B0059010A /* CCTextureAtlas.h */,
				64E75CC11500A71B0059010A /* CCTextureAtlas.m */,
				64E75CC31500A71B0059010A /* CCTextureCache.h */,
				64E75CC41500A71B0059010A /* CCTextureCache.m */,
				64E75CC61500A71B0059010A /* CCTexturePVR.h */,
				64E75CC71500A71B0059010A /* CCTexturePVR.m */,
				64E75CC91500A71B0059010A /* CCTileMapAtlas.h */,
				64E75CCA1500A71B0059010A /* CCTileMapAtlas.m */,
				64E75CCC1500A71B0059010A /* CCTMXLayer.h */,
				64E75CCD1500A71B0059010A /* CCTMXLayer.m */,
				64E75CCF1500A71B0059010A /* CCTMXObjectGroup.h */,
				64E75CD01500A71B0059010A /* CCTMXObjectGroup.m */,
				64E75CD21500A71B0059010A /* CCTMXTiledMap.h */,
				64E75CD31500A71B0059010A /* CCTMXTiledMap.m */,
				64E75CD51500A71B0059010A /* CCTMXXMLParser.h */,
				64E75CD61500A71B0059010A /* CCTMXXMLParser.m */,
				64E75CD81500A71B0059010A /* CCTransition.h */,
				64E75CD91500A71B0059010A /* CCTransition.m */,
				64E75CDB1500A71B0059010A /* CCTransitionPageTurn.h */,
				64E75CDC1500A71B0059010A /* CCTransitionPageTurn.m */,
				64E75CDE1500A71B0059010A /* CCTransitionRadial.h */,
				64E75CDF1500A71B0059010A /* CCTransitionRadial.m */,
				64E75CE11500A71B0059010A /* ccTypes.h */,
				64E75CE21500A71B0059010A /* cocos2d.h */,
				64E75CE31500A71B0059010A /* cocos2d.m */,
				64E75CE51500A71B0059010A /* Platforms */,
				64E75D0A1500A71C0059010A /* Support */,
			);
			name = cocos2d;
			sourceTree = "<group>";
		};
		64E75CE51500A71B0059010A /* Platforms */ = {
			isa = PBXGroup;
			children = (
				64E75CE61500A71B0059010A /* CCGL.h */,
				64E75CE71500A71B0059010A /* CCNS.h */,
				64E75CE81500A71B0059010A /* iOS */,
				64E75CFD1500A71C0059010A /* Mac */,
			);
			name = Platforms;
			sourceTree = "<group>";
		};
		64E75CE81500A71B0059010A /* iOS */ = {
			isa = PBXGroup;
			children = (
				64E75CE91500A71B0059010A /* CCDirectorIOS.h */,
				64E75CEA1500A71C0059010A /* CCDirectorIOS.m */,
				64E75CEC1500A71C0059010A /* CCTouchDelegateProtocol.h */,
				64E75CED1500A71C0059010A /* CCTouchDispatcher.h */,
				64E75CEE1500A71C0059010A /* CCTouchDispatcher.m */,
				64E75CF01500A71C0059010A /* CCTouchHandler.h */,
				64E75CF11500A71C0059010A /* CCTouchHandler.m */,
				64E75CF31500A71C0059010A /* EAGLView.h */,
				64E75CF41500A71C0059010A /* EAGLView.m */,
				64E75CF61500A71C0059010A /* ES1Renderer.h */,
				64E75CF71500A71C0059010A /* ES1Renderer.m */,
				64E75CF91500A71C0059010A /* ESRenderer.h */,
				64E75CFA1500A71C0059010A /* glu.c */,
				64E75CFC1500A71C0059010A /* glu.h */,
			);
			name = iOS;
			sourceTree = "<group>";
		};
		64E75CFD1500A71C0059010A /* Mac */ = {
			isa = PBXGroup;
			children = (
				64E75CFE1500A71C0059010A /* CCDirectorMac.h */,
				64E75CFF1500A71C0059010A /* CCDirectorMac.m */,
				64E75D011500A71C0059010A /* CCEventDispatcher.h */,
				64E75D021500A71C0059010A /* CCEventDispatcher.m */,
				64E75D041500A71C0059010A /* MacGLView.h */,
				64E75D051500A71C0059010A /* MacGLView.m */,
				64E75D071500A71C0059010A /* MacWindow.h */,
				64E75D081500A71C0059010A /* MacWindow.m */,
			);
			name = Mac;
			sourceTree = "<group>";
		};
		64E75D0A1500A71C0059010A /* Support */ = {
			isa = PBXGroup;
			children = (
				64E75D0B1500A71C0059010A /* base64.c */,
				64E75D0D1500A71C0059010A /* base64.h */,
				64E75D0E1500A71C0059010A /* CCArray.h */,
				64E75D0F1500A71C0059010A /* CCArray.m */,
				64E75D111500A71C0059010A /* ccCArray.h */,
				64E75D121500A71C0059010A /* CCFileUtils.h */,
				64E75D131500A71C0059010A /* CCFileUtils.m */,
				64E75D151500A71C0059010A /* CCProfiling.h */,
				64E75D161500A71C0059010A /* CCProfiling.m */,
				64E75D181500A71C0059010A /* ccUtils.c */,
				64E75D1A1500A71C0059010A /* ccUtils.h */,
				64E75D1B1500A71C0059010A /* CGPointExtension.h */,
				64E75D1C1500A71C0059010A /* CGPointExtension.m */,
				64E75D1E1500A71C0059010A /* OpenGL_Internal.h */,
				64E75D1F1500A71C0059010A /* TGAlib.h */,
				64E75D201500A71C0059010A /* TGAlib.m */,
				64E75D221500A71C0059010A /* TransformUtils.h */,
				64E75D231500A71C0059010A /* TransformUtils.m */,
				64E75D251500A71C0059010A /* uthash.h */,
				64E75D261500A71C0059010A /* utlist.h */,
				64E75D271500A71C0059010A /* ZipUtils.h */,
				64E75D281500A71C0059010A /* ZipUtils.m */,
			);
			name = Support;
			sourceTree = "<group>";
		};
		64E75D2B1500A71C0059010A /* CocosDenshion */ = {
			isa = PBXGroup;
			children = (
				64E75D2C1500A71C0059010A /* CDAudioManager.h */,
				64E75D2D1500A71C0059010A /* CDAudioManager.m */,
				64E75D2F1500A71C0059010A /* CDConfig.h */,
				64E75D301500A71C0059010A /* CDOpenALSupport.h */,
				64E75D311500A71C0059010A /* CDOpenALSupport.m */,
				64E75D331500A71C0059010A /* CocosDenshion.h */,
				64E75D341500A71C0059010A /* CocosDenshion.m */,
				64E75D361500A71C0059010A /* SimpleAudioEngine.h */,
				64E75D371500A71C0059010A /* SimpleAudioEngine.m */,
			);
			name = CocosDenshion;
			sourceTree = "<group>";
		};
		64E75D3A1500A71C0059010A /* cocoslive */ = {
			isa = PBXGroup;
			children = (
				64E75D3B1500A71C0059010A /* CLScoreServerPost.h */,
				64E75D3C1500A71C0059010A /* CLScoreServerPost.m */,
				64E75D3E1500A71C0059010A /* CLScoreServerRequest.h */,
				64E75D3F1500A71C0059010A /* CLScoreServerRequest.m */,
				64E75D411500A71C0059010A /* cocoslive.h */,
				64E75D421500A71C0059010A /* cocoslive.m */,
			);
			name = cocoslive;
			sourceTree = "<group>";
		};
		64E75D451500A71C0059010A /* TouchJSON */ = {
			isa = PBXGroup;
			children = (
				64E75D461500A71C0059010A /* CDataScanner.h */,
				64E75D471500A71D0059010A /* CDataScanner.m */,
				64E75D491500A71D0059010A /* Extensions */,
				64E75D501500A71D0059010A /* JSON */,
			);
			name = TouchJSON;
			sourceTree = "<group>";
		};
		64E75D491500A71D0059010A /* Extensions */ = {
			isa = PBXGroup;
			children = (
				64E75D4A1500A71D0059010A /* CDataScanner_Extensions.h */,
				64E75D4B1500A71D0059010A /* CDataScanner_Extensions.m */,
				64E75D4D1500A71D0059010A /* NSDictionary_JSONExtensions.h */,
				64E75D4E1500A71D0059010A /* NSDictionary_JSONExtensions.m */,
			);
			name = Extensions;
			sourceTree = "<group>";
		};
		64E75D501500A71D0059010A /* JSON */ = {
			isa = PBXGroup;
			children = (
				64E75D511500A71D0059010A /* CJSONDeserializer.h */,
				64E75D521500A71D0059010A /* CJSONDeserializer.m */,
				64E75D541500A71D0059010A /* CJSONScanner.h */,
				64E75D551500A71D0059010A /* CJSONScanner.m */,
				64E75D571500A71D0059010A /* CJSONSerializer.h */,
				64E75D581500A71D0059010A /* CJSONSerializer.m */,
				64E75D5A1500A71D0059010A /* JSONRepresentation.h */,
			);
			name = JSON;
			sourceTree = "<group>";
		};
		64E75D5B1500A71D0059010A /* FontLabel */ = {
			isa = PBXGroup;
			children = (
				64E75D5C1500A71D0059010A /* FontLabel.h */,
				64E75D5D1500A71D0059010A /* FontLabel.m */,
				64E75D5F1500A71D0059010A /* FontLabelStringDrawing.h */,
				64E75D601500A71D0059010A /* FontLabelStringDrawing.m */,
				64E75D621500A71D0059010A /* FontManager.h */,
				64E75D631500A71D0059010A /* FontManager.m */,
				64E75D651500A71D0059010A /* ZAttributedString.h */,
				64E75D661500A71D0059010A /* ZAttributedString.m */,
				64E75D681500A71D0059010A /* ZAttributedStringPrivate.h */,
				64E75D691500A71D0059010A /* ZFont.h */,
				64E75D6A1500A71D0059010A /* ZFont.m */,
			);
			name = FontLabel;
			sourceTree = "<group>";
		};
		64E75D6D1500A71D0059010A /* Supporting Files */ = {
			isa = PBXGroup;
			children = (
				64E75D6E1500A71D0059010A /* Prefix.pch */,
				64E75D6F1500A71D0059010A /* main.m */,
			);
			name = "Supporting Files";
			sourceTree = "<group>";
		};
/* End PBXGroup section */

/* Begin PBXNativeTarget section */
		64E75C0A1500A7190059010A /* UsingCCSprite */ = {
			isa = PBXNativeTarget;
			buildConfigurationList = 64E75D7D1500A71D0059010A /* Build configuration list for PBXNativeTarget "UsingCCSprite" */;
			buildPhases = (
				64E75C071500A7190059010A /* Sources */,
				64E75C081500A7190059010A /* Frameworks */,
				64E75C091500A7190059010A /* Resources */,
			);
			buildRules = (
			);
			dependencies = (
			);
			name = UsingCCSprite;
			productName = UsingCCSprite;
			productReference = 64E75C0B1500A7190059010A /* UsingCCSprite.app */;
			productType = "com.apple.product-type.application";
		};
/* End PBXNativeTarget section */

/* Begin PBXProject section */
		64E75C021500A7190059010A /* Project object */ = {
			isa = PBXProject;
			attributes = {
				LastUpgradeCheck = 0420;
				ORGANIZATIONNAME = ildo;
			};
			buildConfigurationList = 64E75C051500A7190059010A /* Build configuration list for PBXProject "UsingCCSprite" */;
			compatibilityVersion = "Xcode 3.2";
			developmentRegion = English;
			hasScannedForEncodings = 0;
			knownRegions = (
				en,
			);
			mainGroup = 64E75C001500A7190059010A;
			productRefGroup = 64E75C0C1500A7190059010A /* Products */;
			projectDirPath = "";
			projectRoot = "";
			targets = (
				64E75C0A1500A7190059010A /* UsingCCSprite */,
			);
		};
/* End PBXProject section */

/* Begin PBXResourcesBuildPhase section */
		64E75C091500A7190059010A /* Resources */ = {
			isa = PBXResourcesBuildPhase;
			buildActionMask = 2147483647;
			files = (
				64E75C221500A7190059010A /* Default.png in Resources */,
				64E75C241500A7190059010A /* fps_images.png in Resources */,
				64E75C261500A7190059010A /* Icon-72.png in Resources */,
				64E75C281500A7190059010A /* Icon-Small-50.png in Resources */,
				64E75C2A1500A7190059010A /* Icon-Small.png in Resources */,
				64E75C2C1500A7190059010A /* Icon-Small@2x.png in Resources */,
				64E75C2E1500A7190059010A /* Icon.png in Resources */,
				64E75C301500A7190059010A /* Icon@2x.png in Resources */,
				64E75C331500A7190059010A /* iTunesArtwork in Resources */,
			);
			runOnlyForDeploymentPostprocessing = 0;
		};
/* End PBXResourcesBuildPhase section */

/* Begin PBXSourcesBuildPhase section */
		64E75C071500A7190059010A /* Sources */ = {
			isa = PBXSourcesBuildPhase;
			buildActionMask = 2147483647;
			files = (
				64E75C381500A71A0059010A /* CCAction.m in Sources */,
				64E75C3B1500A71A0059010A /* CCActionCamera.m in Sources */,
				64E75C3E1500A71A0059010A /* CCActionEase.m in Sources */,
				64E75C411500A71A0059010A /* CCActionGrid.m in Sources */,
				64E75C441500A71A0059010A /* CCActionGrid3D.m in Sources */,
				64E75C471500A71A0059010A /* CCActionInstant.m in Sources */,
				64E75C4A1500A71A0059010A /* CCActionInterval.m in Sources */,
				64E75C4D1500A71A0059010A /* CCActionManager.m in Sources */,
				64E75C501500A71A0059010A /* CCActionPageTurn3D.m in Sources */,
				64E75C531500A71A0059010A /* CCActionProgressTimer.m in Sources */,
				64E75C561500A71A0059010A /* CCActionTiledGrid.m in Sources */,
				64E75C591500A71A0059010A /* CCActionTween.m in Sources */,
				64E75C5C1500A71A0059010A /* CCAnimation.m in Sources */,
				64E75C5F1500A71A0059010A /* CCAnimationCache.m in Sources */,
				64E75C621500A71A0059010A /* CCAtlasNode.m in Sources */,
				64E75C651500A71A0059010A /* CCBlockSupport.m in Sources */,
				64E75C681500A71A0059010A /* CCCamera.m in Sources */,
				64E75C6C1500A71A0059010A /* CCConfiguration.m in Sources */,
				64E75C6F1500A71A0059010A /* CCDirector.m in Sources */,
				64E75C721500A71A0059010A /* CCDrawingPrimitives.m in Sources */,
				64E75C751500A71A0059010A /* CCGrabber.m in Sources */,
				64E75C781500A71A0059010A /* CCGrid.m in Sources */,
				64E75C7B1500A71A0059010A /* CCLabelAtlas.m in Sources */,
				64E75C7E1500A71A0059010A /* CCLabelBMFont.m in Sources */,
				64E75C811500A71A0059010A /* CCLabelTTF.m in Sources */,
				64E75C841500A71A0059010A /* CCLayer.m in Sources */,
				64E75C881500A71A0059010A /* CCMenu.m in Sources */,
				64E75C8B1500A71A0059010A /* CCMenuItem.m in Sources */,
				64E75C8E1500A71A0059010A /* CCMotionStreak.m in Sources */,
				64E75C911500A71A0059010A /* CCNode.m in Sources */,
				64E75C941500A71A0059010A /* CCParallaxNode.m in Sources */,
				64E75C971500A71B0059010A /* CCParticleExamples.m in Sources */,
				64E75C9A1500A71B0059010A /* CCParticleSystem.m in Sources */,
				64E75C9D1500A71B0059010A /* CCParticleSystemPoint.m in Sources */,
				64E75CA01500A71B0059010A /* CCParticleSystemQuad.m in Sources */,
				64E75CA31500A71B0059010A /* CCProgressTimer.m in Sources */,
				64E75CA71500A71B0059010A /* CCRenderTexture.m in Sources */,
				64E75CAA1500A71B0059010A /* CCRibbon.m in Sources */,
				64E75CAD1500A71B0059010A /* CCScene.m in Sources */,
				64E75CB01500A71B0059010A /* CCScheduler.m in Sources */,
				64E75CB31500A71B0059010A /* CCSprite.m in Sources */,
				64E75CB61500A71B0059010A /* CCSpriteBatchNode.m in Sources */,
				64E75CB91500A71B0059010A /* CCSpriteFrame.m in Sources */,
				64E75CBC1500A71B0059010A /* CCSpriteFrameCache.m in Sources */,
				64E75CBF1500A71B0059010A /* CCTexture2D.m in Sources */,
				64E75CC21500A71B0059010A /* CCTextureAtlas.m in Sources */,
				64E75CC51500A71B0059010A /* CCTextureCache.m in Sources */,
				64E75CC81500A71B0059010A /* CCTexturePVR.m in Sources */,
				64E75CCB1500A71B0059010A /* CCTileMapAtlas.m in Sources */,
				64E75CCE1500A71B0059010A /* CCTMXLayer.m in Sources */,
				64E75CD11500A71B0059010A /* CCTMXObjectGroup.m in Sources */,
				64E75CD41500A71B0059010A /* CCTMXTiledMap.m in Sources */,
				64E75CD71500A71B0059010A /* CCTMXXMLParser.m in Sources */,
				64E75CDA1500A71B0059010A /* CCTransition.m in Sources */,
				64E75CDD1500A71B0059010A /* CCTransitionPageTurn.m in Sources */,
				64E75CE01500A71B0059010A /* CCTransitionRadial.m in Sources */,
				64E75CE41500A71B0059010A /* cocos2d.m in Sources */,
				64E75CEB1500A71C0059010A /* CCDirectorIOS.m in Sources */,
				64E75CEF1500A71C0059010A /* CCTouchDispatcher.m in Sources */,
				64E75CF21500A71C0059010A /* CCTouchHandler.m in Sources */,
				64E75CF51500A71C0059010A /* EAGLView.m in Sources */,
				64E75CF81500A71C0059010A /* ES1Renderer.m in Sources */,
				64E75CFB1500A71C0059010A /* glu.c in Sources */,
				64E75D001500A71C0059010A /* CCDirectorMac.m in Sources */,
				64E75D031500A71C0059010A /* CCEventDispatcher.m in Sources */,
				64E75D061500A71C0059010A /* MacGLView.m in Sources */,
				64E75D091500A71C0059010A /* MacWindow.m in Sources */,
				64E75D0C1500A71C0059010A /* base64.c in Sources */,
				64E75D101500A71C0059010A /* CCArray.m in Sources */,
				64E75D141500A71C0059010A /* CCFileUtils.m in Sources */,
				64E75D171500A71C0059010A /* CCProfiling.m in Sources */,
				64E75D191500A71C0059010A /* ccUtils.c in Sources */,
				64E75D1D1500A71C0059010A /* CGPointExtension.m in Sources */,
				64E75D211500A71C0059010A /* TGAlib.m in Sources */,
				64E75D241500A71C0059010A /* TransformUtils.m in Sources */,
				64E75D291500A71C0059010A /* ZipUtils.m in Sources */,
				64E75D2E1500A71C0059010A /* CDAudioManager.m in Sources */,
				64E75D321500A71C0059010A /* CDOpenALSupport.m in Sources */,
				64E75D351500A71C0059010A /* CocosDenshion.m in Sources */,
				64E75D381500A71C0059010A /* SimpleAudioEngine.m in Sources */,
				64E75D3D1500A71C0059010A /* CLScoreServerPost.m in Sources */,
				64E75D401500A71C0059010A /* CLScoreServerRequest.m in Sources */,
				64E75D431500A71C0059010A /* cocoslive.m in Sources */,
				64E75D481500A71D0059010A /* CDataScanner.m in Sources */,
				64E75D4C1500A71D0059010A /* CDataScanner_Extensions.m in Sources */,
				64E75D4F1500A71D0059010A /* NSDictionary_JSONExtensions.m in Sources */,
				64E75D531500A71D0059010A /* CJSONDeserializer.m in Sources */,
				64E75D561500A71D0059010A /* CJSONScanner.m in Sources */,
				64E75D591500A71D0059010A /* CJSONSerializer.m in Sources */,
				64E75D5E1500A71D0059010A /* FontLabel.m in Sources */,
				64E75D611500A71D0059010A /* FontLabelStringDrawing.m in Sources */,
				64E75D641500A71D0059010A /* FontManager.m in Sources */,
				64E75D671500A71D0059010A /* ZAttributedString.m in Sources */,
				64E75D6B1500A71D0059010A /* ZFont.m in Sources */,
				64E75D701500A71D0059010A /* main.m in Sources */,
				64E75D731500A71D0059010A /* AppDelegate.m in Sources */,
				64E75D761500A71D0059010A /* RootViewController.m in Sources */,
				64E75D791500A71D0059010A /* HelloWorldLayer.m in Sources */,
			);
			runOnlyForDeploymentPostprocessing = 0;
		};
/* End PBXSourcesBuildPhase section */

/* Begin XCBuildConfiguration section */
		64E75D7B1500A71D0059010A /* Debug */ = {
			isa = XCBuildConfiguration;
			buildSettings = {
				ARCHS = "$(ARCHS_STANDARD_32_BIT)";
				"CODE_SIGN_IDENTITY[sdk=iphoneos*]" = "iPhone Developer";
				GCC_C_LANGUAGE_STANDARD = gnu99;
				GCC_OPTIMIZATION_LEVEL = 0;
				GCC_PREPROCESSOR_DEFINITIONS = (
					DEBUG,
					"COCOS2D_DEBUG=1",
				);
				GCC_SYMBOLS_PRIVATE_EXTERN = NO;
				GCC_VERSION = com.apple.compilers.llvmgcc42;
				GCC_WARN_ABOUT_RETURN_TYPE = YES;
				GCC_WARN_UNUSED_VARIABLE = YES;
				IPHONEOS_DEPLOYMENT_TARGET = 5.0;
				SDKROOT = iphoneos;
			};
			name = Debug;
		};
		64E75D7C1500A71D0059010A /* Release */ = {
			isa = XCBuildConfiguration;
			buildSettings = {
				ARCHS = "$(ARCHS_STANDARD_32_BIT)";
				"CODE_SIGN_IDENTITY[sdk=iphoneos*]" = "iPhone Developer";
				GCC_C_LANGUAGE_STANDARD = gnu99;
				GCC_PREPROCESSOR_DEFINITIONS = NDEBUG;
				GCC_VERSION = com.apple.compilers.llvmgcc42;
				GCC_WARN_ABOUT_RETURN_TYPE = YES;
				GCC_WARN_UNUSED_VARIABLE = YES;
				IPHONEOS_DEPLOYMENT_TARGET = 5.0;
				OTHER_CFLAGS = "-DNS_BLOCK_ASSERTIONS=1";
				SDKROOT = iphoneos;
			};
			name = Release;
		};
		64E75D7E1500A71D0059010A /* Debug */ = {
			isa = XCBuildConfiguration;
			buildSettings = {
				ALWAYS_SEARCH_USER_PATHS = NO;
				COPY_PHASE_STRIP = NO;
				GCC_DYNAMIC_NO_PIC = NO;
				GCC_PRECOMPILE_PREFIX_HEADER = YES;
				GCC_PREFIX_HEADER = UsingCCSprite/Prefix.pch;
				"GCC_THUMB_SUPPORT[arch=armv6]" = "";
				INFOPLIST_FILE = UsingCCSprite/Resources/Info.plist;
				OTHER_LDFLAGS = "-lz";
				PRODUCT_NAME = "$(TARGET_NAME)";
				WRAPPER_EXTENSION = app;
			};
			name = Debug;
		};
		64E75D7F1500A71D0059010A /* Release */ = {
			isa = XCBuildConfiguration;
			buildSettings = {
				ALWAYS_SEARCH_USER_PATHS = NO;
				COPY_PHASE_STRIP = YES;
				GCC_PRECOMPILE_PREFIX_HEADER = YES;
				GCC_PREFIX_HEADER = UsingCCSprite/Prefix.pch;
				"GCC_THUMB_SUPPORT[arch=armv6]" = "";
				INFOPLIST_FILE = UsingCCSprite/Resources/Info.plist;
				OTHER_LDFLAGS = "-lz";
				PRODUCT_NAME = "$(TARGET_NAME)";
				VALIDATE_PRODUCT = YES;
				WRAPPER_EXTENSION = app;
			};
			name = Release;
		};
/* End XCBuildConfiguration section */

/* Begin XCConfigurationList section */
		64E75C051500A7190059010A /* Build configuration list for PBXProject "UsingCCSprite" */ = {
			isa = XCConfigurationList;
			buildConfigurations = (
				64E75D7B1500A71D0059010A /* Debug */,
				64E75D7C1500A71D0059010A /* Release */,
			);
			defaultConfigurationIsVisible = 0;
			defaultConfigurationName = Release;
		};
		64E75D7D1500A71D0059010A /* Build configuration list for PBXNativeTarget "UsingCCSprite" */ = {
			isa = XCConfigurationList;
			buildConfigurations = (
				64E75D7E1500A71D0059010A /* Debug */,
				64E75D7F1500A71D0059010A /* Release */,
			);
			defaultConfigurationIsVisible = 0;
		};
/* End XCConfigurationList section */
	};
	rootObject = 64E75C021500A7190059010A /* Project object */;
}
